// !$*UTF8*$!
{
	archiveVersion = 1;
	classes = {
	};
	objectVersion = 56;
	objects = {

/* Begin PBXBuildFile section */
		D24C55442CBFCEAB0044D06D /* MusicPlayerApp.swift in Sources */ = {isa = PBXBuildFile; fileRef = D24C55432CBFCEAB0044D06D /* MusicPlayerApp.swift */; };
		D24C55462CBFCEAB0044D06D /* ContentView.swift in Sources */ = {isa = PBXBuildFile; fileRef = D24C55452CBFCEAB0044D06D /* ContentView.swift */; };
		D24C55482CBFCEAD0044D06D /* Assets.xcassets in Resources */ = {isa = PBXBuildFile; fileRef = D24C55472CBFCEAD0044D06D /* Assets.xcassets */; };
		D24C554B2CBFCEAD0044D06D /* Preview Assets.xcassets in Resources */ = {isa = PBXBuildFile; fileRef = D24C554A2CBFCEAD0044D06D /* Preview Assets.xcassets */; };
		D24C55532CBFCEFA0044D06D /* NeumorphicPressButtonStyle.swift in Sources */ = {isa = PBXBuildFile; fileRef = D24C55522CBFCEFA0044D06D /* NeumorphicPressButtonStyle.swift */; };
		D24C55562CBFCFB00044D06D /* NeumorphicButtonWithLabelView.swift in Sources */ = {isa = PBXBuildFile; fileRef = D24C55552CBFCFB00044D06D /* NeumorphicButtonWithLabelView.swift */; };
		D24C55582CBFD8370044D06D /* NeumorphicButtonWithSystemImageView.swift in Sources */ = {isa = PBXBuildFile; fileRef = D24C55572CBFD8370044D06D /* NeumorphicButtonWithSystemImageView.swift */; };
		D24C555B2CBFDB250044D06D /* ColorTheme.swift in Sources */ = {isa = PBXBuildFile; fileRef = D24C555A2CBFDB250044D06D /* ColorTheme.swift */; };
		D24C555D2CBFE33E0044D06D /* NeumorphicImageView.swift in Sources */ = {isa = PBXBuildFile; fileRef = D24C555C2CBFE33D0044D06D /* NeumorphicImageView.swift */; };
		D24C555F2CBFE4DD0044D06D /* art.png in Resources */ = {isa = PBXBuildFile; fileRef = D24C555E2CBFE4DC0044D06D /* art.png */; };
		D24C55612CBFEB5A0044D06D /* PlayerView.swift in Sources */ = {isa = PBXBuildFile; fileRef = D24C55602CBFEB5A0044D06D /* PlayerView.swift */; };
		D24C55632CBFF8700044D06D /* ButtonTheme.swift in Sources */ = {isa = PBXBuildFile; fileRef = D24C55622CBFF8700044D06D /* ButtonTheme.swift */; };
		D24C55652CBFF98E0044D06D /* TitleView.swift in Sources */ = {isa = PBXBuildFile; fileRef = D24C55642CBFF98E0044D06D /* TitleView.swift */; };
/* End PBXBuildFile section */

/* Begin PBXFileReference section */
		D24C55402CBFCEAB0044D06D /* MusicPlayer.app */ = {isa = PBXFileReference; explicitFileType = wrapper.application; includeInIndex = 0; path = MusicPlayer.app; sourceTree = BUILT_PRODUCTS_DIR; };
		D24C55432CBFCEAB0044D06D /* MusicPlayerApp.swift */ = {isa = PBXFileReference; lastKnownFileType = sourcecode.swift; path = MusicPlayerApp.swift; sourceTree = "<group>"; };
		D24C55452CBFCEAB0044D06D /* ContentView.swift */ = {isa = PBXFileReference; lastKnownFileType = sourcecode.swift; path = ContentView.swift; sourceTree = "<group>"; };
		D24C55472CBFCEAD0044D06D /* Assets.xcassets */ = {isa = PBXFileReference; lastKnownFileType = folder.assetcatalog; path = Assets.xcassets; sourceTree = "<group>"; };
		D24C554A2CBFCEAD0044D06D /* Preview Assets.xcassets */ = {isa = PBXFileReference; lastKnownFileType = folder.assetcatalog; path = "Preview Assets.xcassets"; sourceTree = "<group>"; };
		D24C55522CBFCEFA0044D06D /* NeumorphicPressButtonStyle.swift */ = {isa = PBXFileReference; lastKnownFileType = sourcecode.swift; path = NeumorphicPressButtonStyle.swift; sourceTree = "<group>"; };
		D24C55552CBFCFB00044D06D /* NeumorphicButtonWithLabelView.swift */ = {isa = PBXFileReference; lastKnownFileType = sourcecode.swift; path = NeumorphicButtonWithLabelView.swift; sourceTree = "<group>"; };
		D24C55572CBFD8370044D06D /* NeumorphicButtonWithSystemImageView.swift */ = {isa = PBXFileReference; lastKnownFileType = sourcecode.swift; path = NeumorphicButtonWithSystemImageView.swift; sourceTree = "<group>"; };
		D24C555A2CBFDB250044D06D /* ColorTheme.swift */ = {isa = PBXFileReference; lastKnownFileType = sourcecode.swift; path = ColorTheme.swift; sourceTree = "<group>"; };
		D24C555C2CBFE33D0044D06D /* NeumorphicImageView.swift */ = {isa = PBXFileReference; lastKnownFileType = sourcecode.swift; path = NeumorphicImageView.swift; sourceTree = "<group>"; };
		D24C555E2CBFE4DC0044D06D /* art.png */ = {isa = PBXFileReference; lastKnownFileType = image.png; path = art.png; sourceTree = "<group>"; };
		D24C55602CBFEB5A0044D06D /* PlayerView.swift */ = {isa = PBXFileReference; lastKnownFileType = sourcecode.swift; path = PlayerView.swift; sourceTree = "<group>"; };
		D24C55622CBFF8700044D06D /* ButtonTheme.swift */ = {isa = PBXFileReference; lastKnownFileType = sourcecode.swift; path = ButtonTheme.swift; sourceTree = "<group>"; };
		D24C55642CBFF98E0044D06D /* TitleView.swift */ = {isa = PBXFileReference; lastKnownFileType = sourcecode.swift; path = TitleView.swift; sourceTree = "<group>"; };
/* End PBXFileReference section */

/* Begin PBXFrameworksBuildPhase section */
		D24C553D2CBFCEAB0044D06D /* Frameworks */ = {
			isa = PBXFrameworksBuildPhase;
			buildActionMask = 2147483647;
			files = (
			);
			runOnlyForDeploymentPostprocessing = 0;
		};
/* End PBXFrameworksBuildPhase section */

/* Begin PBXGroup section */
		D24C55372CBFCEAA0044D06D = {
			isa = PBXGroup;
			children = (
				D24C55422CBFCEAB0044D06D /* MusicPlayer */,
				D24C55412CBFCEAB0044D06D /* Products */,
			);
			sourceTree = "<group>";
		};
		D24C55412CBFCEAB0044D06D /* Products */ = {
			isa = PBXGroup;
			children = (
				D24C55402CBFCEAB0044D06D /* MusicPlayer.app */,
			);
			name = Products;
			sourceTree = "<group>";
		};
		D24C55422CBFCEAB0044D06D /* MusicPlayer */ = {
			isa = PBXGroup;
			children = (
				D24C555E2CBFE4DC0044D06D /* art.png */,
				D24C55592CBFDAFA0044D06D /* Themes */,
				D24C55542CBFCF390044D06D /* Views */,
				D24C55512CBFCEE70044D06D /* Styles */,
				D24C55432CBFCEAB0044D06D /* MusicPlayerApp.swift */,
				D24C55452CBFCEAB0044D06D /* ContentView.swift */,
				D24C55472CBFCEAD0044D06D /* Assets.xcassets */,
				D24C55492CBFCEAD0044D06D /* Preview Content */,
			);
			path = MusicPlayer;
			sourceTree = "<group>";
		};
		D24C55492CBFCEAD0044D06D /* Preview Content */ = {
			isa = PBXGroup;
			children = (
				D24C554A2CBFCEAD0044D06D /* Preview Assets.xcassets */,
			);
			path = "Preview Content";
			sourceTree = "<group>";
		};
		D24C55512CBFCEE70044D06D /* Styles */ = {
			isa = PBXGroup;
			children = (
				D24C55522CBFCEFA0044D06D /* NeumorphicPressButtonStyle.swift */,
			);
			path = Styles;
			sourceTree = "<group>";
		};
		D24C55542CBFCF390044D06D /* Views */ = {
			isa = PBXGroup;
			children = (
				D24C55552CBFCFB00044D06D /* NeumorphicButtonWithLabelView.swift */,
				D24C55572CBFD8370044D06D /* NeumorphicButtonWithSystemImageView.swift */,
				D24C555C2CBFE33D0044D06D /* NeumorphicImageView.swift */,
				D24C55642CBFF98E0044D06D /* TitleView.swift */,
				D24C55602CBFEB5A0044D06D /* PlayerView.swift */,
			);
			path = Views;
			sourceTree = "<group>";
		};
		D24C55592CBFDAFA0044D06D /* Themes */ = {
			isa = PBXGroup;
			children = (
				D24C555A2CBFDB250044D06D /* ColorTheme.swift */,
				D24C55622CBFF8700044D06D /* ButtonTheme.swift */,
			);
			path = Themes;
			sourceTree = "<group>";
		};
/* End PBXGroup section */

/* Begin PBXNativeTarget section */
		D24C553F2CBFCEAB0044D06D /* MusicPlayer */ = {
			isa = PBXNativeTarget;
			buildConfigurationList = D24C554E2CBFCEAD0044D06D /* Build configuration list for PBXNativeTarget "MusicPlayer" */;
			buildPhases = (
				D24C553C2CBFCEAB0044D06D /* Sources */,
				D24C553D2CBFCEAB0044D06D /* Frameworks */,
				D24C553E2CBFCEAB0044D06D /* Resources */,
			);
			buildRules = (
			);
			dependencies = (
			);
			name = MusicPlayer;
			productName = MusicPlayer;
			productReference = D24C55402CBFCEAB0044D06D /* MusicPlayer.app */;
			productType = "com.apple.product-type.application";
		};
/* End PBXNativeTarget section */

/* Begin PBXProject section */
		D24C55382CBFCEAA0044D06D /* Project object */ = {
			isa = PBXProject;
			attributes = {
				BuildIndependentTargetsInParallel = 1;
				LastSwiftUpdateCheck = 1420;
				LastUpgradeCheck = 1420;
				TargetAttributes = {
					D24C553F2CBFCEAB0044D06D = {
						CreatedOnToolsVersion = 14.2;
					};
				};
			};
			buildConfigurationList = D24C553B2CBFCEAA0044D06D /* Build configuration list for PBXProject "MusicPlayer" */;
			compatibilityVersion = "Xcode 14.0";
			developmentRegion = en;
			hasScannedForEncodings = 0;
			knownRegions = (
				en,
				Base,
			);
			mainGroup = D24C55372CBFCEAA0044D06D;
			productRefGroup = D24C55412CBFCEAB0044D06D /* Products */;
			projectDirPath = "";
			projectRoot = "";
			targets = (
				D24C553F2CBFCEAB0044D06D /* MusicPlayer */,
			);
		};
/* End PBXProject section */

/* Begin PBXResourcesBuildPhase section */
		D24C553E2CBFCEAB0044D06D /* Resources */ = {
			isa = PBXResourcesBuildPhase;
			buildActionMask = 2147483647;
			files = (
				D24C555F2CBFE4DD0044D06D /* art.png in Resources */,
				D24C554B2CBFCEAD0044D06D /* Preview Assets.xcassets in Resources */,
				D24C55482CBFCEAD0044D06D /* Assets.xcassets in Resources */,
			);
			runOnlyForDeploymentPostprocessing = 0;
		};
/* End PBXResourcesBuildPhase section */

/* Begin PBXSourcesBuildPhase section */
		D24C553C2CBFCEAB0044D06D /* Sources */ = {
			isa = PBXSourcesBuildPhase;
			buildActionMask = 2147483647;
			files = (
				D24C55582CBFD8370044D06D /* NeumorphicButtonWithSystemImageView.swift in Sources */,
				D24C55562CBFCFB00044D06D /* NeumorphicButtonWithLabelView.swift in Sources */,
				D24C55462CBFCEAB0044D06D /* ContentView.swift in Sources */,
				D24C55612CBFEB5A0044D06D /* PlayerView.swift in Sources */,
				D24C555B2CBFDB250044D06D /* ColorTheme.swift in Sources */,
				D24C55632CBFF8700044D06D /* ButtonTheme.swift in Sources */,
				D24C55532CBFCEFA0044D06D /* NeumorphicPressButtonStyle.swift in Sources */,
				D24C555D2CBFE33E0044D06D /* NeumorphicImageView.swift in Sources */,
				D24C55442CBFCEAB0044D06D /* MusicPlayerApp.swift in Sources */,
				D24C55652CBFF98E0044D06D /* TitleView.swift in Sources */,
			);
			runOnlyForDeploymentPostprocessing = 0;
		};
/* End PBXSourcesBuildPhase section */

/* Begin XCBuildConfiguration section */
		D24C554C2CBFCEAD0044D06D /* Debug */ = {
			isa = XCBuildConfiguration;
			buildSettings = {
				ALWAYS_SEARCH_USER_PATHS = NO;
				CLANG_ANALYZER_NONNULL = YES;
				CLANG_ANALYZER_NUMBER_OBJECT_CONVERSION = YES_AGGRESSIVE;
				CLANG_CXX_LANGUAGE_STANDARD = "gnu++20";
				CLANG_ENABLE_MODULES = YES;
				CLANG_ENABLE_OBJC_ARC = YES;
				CLANG_ENABLE_OBJC_WEAK = YES;
				CLANG_WARN_BLOCK_CAPTURE_AUTORELEASING = YES;
				CLANG_WARN_BOOL_CONVERSION = YES;
				CLANG_WARN_COMMA = YES;
				CLANG_WARN_CONSTANT_CONVERSION = YES;
				CLANG_WARN_DEPRECATED_OBJC_IMPLEMENTATIONS = YES;
				CLANG_WARN_DIRECT_OBJC_ISA_USAGE = YES_ERROR;
				CLANG_WARN_DOCUMENTATION_COMMENTS = YES;
				CLANG_WARN_EMPTY_BODY = YES;
				CLANG_WARN_ENUM_CONVERSION = YES;
				CLANG_WARN_INFINITE_RECURSION = YES;
				CLANG_WARN_INT_CONVERSION = YES;
				CLANG_WARN_NON_LITERAL_NULL_CONVERSION = YES;
				CLANG_WARN_OBJC_IMPLICIT_RETAIN_SELF = YES;
				CLANG_WARN_OBJC_LITERAL_CONVERSION = YES;
				CLANG_WARN_OBJC_ROOT_CLASS = YES_ERROR;
				CLANG_WARN_QUOTED_INCLUDE_IN_FRAMEWORK_HEADER = YES;
				CLANG_WARN_RANGE_LOOP_ANALYSIS = YES;
				CLANG_WARN_STRICT_PROTOTYPES = YES;
				CLANG_WARN_SUSPICIOUS_MOVE = YES;
				CLANG_WARN_UNGUARDED_AVAILABILITY = YES_AGGRESSIVE;
				CLANG_WARN_UNREACHABLE_CODE = YES;
				CLANG_WARN__DUPLICATE_METHOD_MATCH = YES;
				COPY_PHASE_STRIP = NO;
				DEBUG_INFORMATION_FORMAT = dwarf;
				ENABLE_STRICT_OBJC_MSGSEND = YES;
				ENABLE_TESTABILITY = YES;
				GCC_C_LANGUAGE_STANDARD = gnu11;
				GCC_DYNAMIC_NO_PIC = NO;
				GCC_NO_COMMON_BLOCKS = YES;
				GCC_OPTIMIZATION_LEVEL = 0;
				GCC_PREPROCESSOR_DEFINITIONS = (
					"DEBUG=1",
					"$(inherited)",
				);
				GCC_WARN_64_TO_32_BIT_CONVERSION = YES;
				GCC_WARN_ABOUT_RETURN_TYPE = YES_ERROR;
				GCC_WARN_UNDECLARED_SELECTOR = YES;
				GCC_WARN_UNINITIALIZED_AUTOS = YES_AGGRESSIVE;
				GCC_WARN_UNUSED_FUNCTION = YES;
				GCC_WARN_UNUSED_VARIABLE = YES;
				IPHONEOS_DEPLOYMENT_TARGET = 16.2;
				MTL_ENABLE_DEBUG_INFO = INCLUDE_SOURCE;
				MTL_FAST_MATH = YES;
				ONLY_ACTIVE_ARCH = YES;
				SDKROOT = iphoneos;
				SWIFT_ACTIVE_COMPILATION_CONDITIONS = DEBUG;
				SWIFT_OPTIMIZATION_LEVEL = "-Onone";
			};
			name = Debug;
		};
		D24C554D2CBFCEAD0044D06D /* Release */ = {
			isa = XCBuildConfiguration;
			buildSettings = {
				ALWAYS_SEARCH_USER_PATHS = NO;
				CLANG_ANALYZER_NONNULL = YES;
				CLANG_ANALYZER_NUMBER_OBJECT_CONVERSION = YES_AGGRESSIVE;
				CLANG_CXX_LANGUAGE_STANDARD = "gnu++20";
				CLANG_ENABLE_MODULES = YES;
				CLANG_ENABLE_OBJC_ARC = YES;
				CLANG_ENABLE_OBJC_WEAK = YES;
				CLANG_WARN_BLOCK_CAPTURE_AUTORELEASING = YES;
				CLANG_WARN_BOOL_CONVERSION = YES;
				CLANG_WARN_COMMA = YES;
				CLANG_WARN_CONSTANT_CONVERSION = YES;
				CLANG_WARN_DEPRECATED_OBJC_IMPLEMENTATIONS = YES;
				CLANG_WARN_DIRECT_OBJC_ISA_USAGE = YES_ERROR;
				CLANG_WARN_DOCUMENTATION_COMMENTS = YES;
				CLANG_WARN_EMPTY_BODY = YES;
				CLANG_WARN_ENUM_CONVERSION = YES;
				CLANG_WARN_INFINITE_RECURSION = YES;
				CLANG_WARN_INT_CONVERSION = YES;
				CLANG_WARN_NON_LITERAL_NULL_CONVERSION = YES;
				CLANG_WARN_OBJC_IMPLICIT_RETAIN_SELF = YES;
				CLANG_WARN_OBJC_LITERAL_CONVERSION = YES;
				CLANG_WARN_OBJC_ROOT_CLASS = YES_ERROR;
				CLANG_WARN_QUOTED_INCLUDE_IN_FRAMEWORK_HEADER = YES;
				CLANG_WARN_RANGE_LOOP_ANALYSIS = YES;
				CLANG_WARN_STRICT_PROTOTYPES = YES;
				CLANG_WARN_SUSPICIOUS_MOVE = YES;
				CLANG_WARN_UNGUARDED_AVAILABILITY = YES_AGGRESSIVE;
				CLANG_WARN_UNREACHABLE_CODE = YES;
				CLANG_WARN__DUPLICATE_METHOD_MATCH = YES;
				COPY_PHASE_STRIP = NO;
				DEBUG_INFORMATION_FORMAT = "dwarf-with-dsym";
				ENABLE_NS_ASSERTIONS = NO;
				ENABLE_STRICT_OBJC_MSGSEND = YES;
				GCC_C_LANGUAGE_STANDARD = gnu11;
				GCC_NO_COMMON_BLOCKS = YES;
				GCC_WARN_64_TO_32_BIT_CONVERSION = YES;
				GCC_WARN_ABOUT_RETURN_TYPE = YES_ERROR;
				GCC_WARN_UNDECLARED_SELECTOR = YES;
				GCC_WARN_UNINITIALIZED_AUTOS = YES_AGGRESSIVE;
				GCC_WARN_UNUSED_FUNCTION = YES;
				GCC_WARN_UNUSED_VARIABLE = YES;
				IPHONEOS_DEPLOYMENT_TARGET = 16.2;
				MTL_ENABLE_DEBUG_INFO = NO;
				MTL_FAST_MATH = YES;
				SDKROOT = iphoneos;
				SWIFT_COMPILATION_MODE = wholemodule;
				SWIFT_OPTIMIZATION_LEVEL = "-O";
				VALIDATE_PRODUCT = YES;
			};
			name = Release;
		};
		D24C554F2CBFCEAD0044D06D /* Debug */ = {
			isa = XCBuildConfiguration;
			buildSettings = {
				ASSETCATALOG_COMPILER_APPICON_NAME = AppIcon;
				ASSETCATALOG_COMPILER_GLOBAL_ACCENT_COLOR_NAME = AccentColor;
				CODE_SIGN_STYLE = Automatic;
				CURRENT_PROJECT_VERSION = 1;
				DEVELOPMENT_ASSET_PATHS = "\"MusicPlayer/Preview Content\"";
				DEVELOPMENT_TEAM = 6G8JULRZR4;
				ENABLE_PREVIEWS = YES;
				GENERATE_INFOPLIST_FILE = YES;
				INFOPLIST_KEY_UIApplicationSceneManifest_Generation = YES;
				INFOPLIST_KEY_UIApplicationSupportsIndirectInputEvents = YES;
				INFOPLIST_KEY_UILaunchScreen_Generation = YES;
				INFOPLIST_KEY_UISupportedInterfaceOrientations_iPad = "UIInterfaceOrientationPortrait UIInterfaceOrientationPortraitUpsideDown UIInterfaceOrientationLandscapeLeft UIInterfaceOrientationLandscapeRight";
				INFOPLIST_KEY_UISupportedInterfaceOrientations_iPhone = "UIInterfaceOrientationPortrait UIInterfaceOrientationLandscapeLeft UIInterfaceOrientationLandscapeRight";
				LD_RUNPATH_SEARCH_PATHS = (
					"$(inherited)",
					"@executable_path/Frameworks",
				);
				MARKETING_VERSION = 1.0;
				PRODUCT_BUNDLE_IDENTIFIER = br.com.aletlima.MusicPlayer;
				PRODUCT_NAME = "$(TARGET_NAME)";
				SWIFT_EMIT_LOC_STRINGS = YES;
				SWIFT_VERSION = 5.0;
				TARGETED_DEVICE_FAMILY = "1,2";
			};
			name = Debug;
		};
		D24C55502CBFCEAD0044D06D /* Release */ = {
			isa = XCBuildConfiguration;
			buildSettings = {
				ASSETCATALOG_COMPILER_APPICON_NAME = AppIcon;
				ASSETCATALOG_COMPILER_GLOBAL_ACCENT_COLOR_NAME = AccentColor;
				CODE_SIGN_STYLE = Automatic;
				CURRENT_PROJECT_VERSION = 1;
				DEVELOPMENT_ASSET_PATHS = "\"MusicPlayer/Preview Content\"";
				DEVELOPMENT_TEAM = 6G8JULRZR4;
				ENABLE_PREVIEWS = YES;
				GENERATE_INFOPLIST_FILE = YES;
				INFOPLIST_KEY_UIApplicationSceneManifest_Generation = YES;
				INFOPLIST_KEY_UIApplicationSupportsIndirectInputEvents = YES;
				INFOPLIST_KEY_UILaunchScreen_Generation = YES;
				INFOPLIST_KEY_UISupportedInterfaceOrientations_iPad = "UIInterfaceOrientationPortrait UIInterfaceOrientationPortraitUpsideDown UIInterfaceOrientationLandscapeLeft UIInterfaceOrientationLandscapeRight";
				INFOPLIST_KEY_UISupportedInterfaceOrientations_iPhone = "UIInterfaceOrientationPortrait UIInterfaceOrientationLandscapeLeft UIInterfaceOrientationLandscapeRight";
				LD_RUNPATH_SEARCH_PATHS = (
					"$(inherited)",
					"@executable_path/Frameworks",
				);
				MARKETING_VERSION = 1.0;
				PRODUCT_BUNDLE_IDENTIFIER = br.com.aletlima.MusicPlayer;
				PRODUCT_NAME = "$(TARGET_NAME)";
				SWIFT_EMIT_LOC_STRINGS = YES;
				SWIFT_VERSION = 5.0;
				TARGETED_DEVICE_FAMILY = "1,2";
			};
			name = Release;
		};
/* End XCBuildConfiguration section */

/* Begin XCConfigurationList section */
		D24C553B2CBFCEAA0044D06D /* Build configuration list for PBXProject "MusicPlayer" */ = {
			isa = XCConfigurationList;
			buildConfigurations = (
				D24C554C2CBFCEAD0044D06D /* Debug */,
				D24C554D2CBFCEAD0044D06D /* Release */,
			);
			defaultConfigurationIsVisible = 0;
			defaultConfigurationName = Release;
		};
		D24C554E2CBFCEAD0044D06D /* Build configuration list for PBXNativeTarget "MusicPlayer" */ = {
			isa = XCConfigurationList;
			buildConfigurations = (
				D24C554F2CBFCEAD0044D06D /* Debug */,
				D24C55502CBFCEAD0044D06D /* Release */,
			);
			defaultConfigurationIsVisible = 0;
			defaultConfigurationName = Release;
		};
/* End XCConfigurationList section */
	};
	rootObject = D24C55382CBFCEAA0044D06D /* Project object */;
}
