// !$*UTF8*$!
{
	archiveVersion = 1;
	classes = {
	};
	objectVersion = 56;
	objects = {

/* Begin PBXBuildFile section */
		D277FE402B81728A00D432E5 /* CooffeShopApp.swift in Sources */ = {isa = PBXBuildFile; fileRef = D277FE3F2B81728A00D432E5 /* CooffeShopApp.swift */; };
		D277FE422B81728A00D432E5 /* ContentView.swift in Sources */ = {isa = PBXBuildFile; fileRef = D277FE412B81728A00D432E5 /* ContentView.swift */; };
		D277FE442B81728E00D432E5 /* Assets.xcassets in Resources */ = {isa = PBXBuildFile; fileRef = D277FE432B81728E00D432E5 /* Assets.xcassets */; };
		D277FE482B81728E00D432E5 /* Preview Assets.xcassets in Resources */ = {isa = PBXBuildFile; fileRef = D277FE472B81728E00D432E5 /* Preview Assets.xcassets */; };
		D277FE522B81728E00D432E5 /* CooffeShopTests.swift in Sources */ = {isa = PBXBuildFile; fileRef = D277FE512B81728E00D432E5 /* CooffeShopTests.swift */; };
		D277FE5C2B81728E00D432E5 /* CooffeShopUITests.swift in Sources */ = {isa = PBXBuildFile; fileRef = D277FE5B2B81728E00D432E5 /* CooffeShopUITests.swift */; };
		D277FE5E2B81728E00D432E5 /* CooffeShopUITestsLaunchTests.swift in Sources */ = {isa = PBXBuildFile; fileRef = D277FE5D2B81728E00D432E5 /* CooffeShopUITestsLaunchTests.swift */; };
		D277FE6C2B8172C700D432E5 /* Order.swift in Sources */ = {isa = PBXBuildFile; fileRef = D277FE6B2B8172C700D432E5 /* Order.swift */; };
		D277FE6D2B8172C700D432E5 /* Order.swift in Sources */ = {isa = PBXBuildFile; fileRef = D277FE6B2B8172C700D432E5 /* Order.swift */; };
		D277FE6F2B8178E400D432E5 /* OrdersTests.swift in Sources */ = {isa = PBXBuildFile; fileRef = D277FE6E2B8178E400D432E5 /* OrdersTests.swift */; };
/* End PBXBuildFile section */

/* Begin PBXContainerItemProxy section */
		D277FE4E2B81728E00D432E5 /* PBXContainerItemProxy */ = {
			isa = PBXContainerItemProxy;
			containerPortal = D277FE342B81728A00D432E5 /* Project object */;
			proxyType = 1;
			remoteGlobalIDString = D277FE3B2B81728A00D432E5;
			remoteInfo = CooffeShop;
		};
		D277FE582B81728E00D432E5 /* PBXContainerItemProxy */ = {
			isa = PBXContainerItemProxy;
			containerPortal = D277FE342B81728A00D432E5 /* Project object */;
			proxyType = 1;
			remoteGlobalIDString = D277FE3B2B81728A00D432E5;
			remoteInfo = CooffeShop;
		};
/* End PBXContainerItemProxy section */

/* Begin PBXFileReference section */
		D277FE3C2B81728A00D432E5 /* CooffeShop.app */ = {isa = PBXFileReference; explicitFileType = wrapper.application; includeInIndex = 0; path = CooffeShop.app; sourceTree = BUILT_PRODUCTS_DIR; };
		D277FE3F2B81728A00D432E5 /* CooffeShopApp.swift */ = {isa = PBXFileReference; lastKnownFileType = sourcecode.swift; path = CooffeShopApp.swift; sourceTree = "<group>"; };
		D277FE412B81728A00D432E5 /* ContentView.swift */ = {isa = PBXFileReference; lastKnownFileType = sourcecode.swift; path = ContentView.swift; sourceTree = "<group>"; };
		D277FE432B81728E00D432E5 /* Assets.xcassets */ = {isa = PBXFileReference; lastKnownFileType = folder.assetcatalog; path = Assets.xcassets; sourceTree = "<group>"; };
		D277FE452B81728E00D432E5 /* CooffeShop.entitlements */ = {isa = PBXFileReference; lastKnownFileType = text.plist.entitlements; path = CooffeShop.entitlements; sourceTree = "<group>"; };
		D277FE472B81728E00D432E5 /* Preview Assets.xcassets */ = {isa = PBXFileReference; lastKnownFileType = folder.assetcatalog; path = "Preview Assets.xcassets"; sourceTree = "<group>"; };
		D277FE4D2B81728E00D432E5 /* CooffeShopTests.xctest */ = {isa = PBXFileReference; explicitFileType = wrapper.cfbundle; includeInIndex = 0; path = CooffeShopTests.xctest; sourceTree = BUILT_PRODUCTS_DIR; };
		D277FE512B81728E00D432E5 /* CooffeShopTests.swift */ = {isa = PBXFileReference; lastKnownFileType = sourcecode.swift; path = CooffeShopTests.swift; sourceTree = "<group>"; };
		D277FE572B81728E00D432E5 /* CooffeShopUITests.xctest */ = {isa = PBXFileReference; explicitFileType = wrapper.cfbundle; includeInIndex = 0; path = CooffeShopUITests.xctest; sourceTree = BUILT_PRODUCTS_DIR; };
		D277FE5B2B81728E00D432E5 /* CooffeShopUITests.swift */ = {isa = PBXFileReference; lastKnownFileType = sourcecode.swift; path = CooffeShopUITests.swift; sourceTree = "<group>"; };
		D277FE5D2B81728E00D432E5 /* CooffeShopUITestsLaunchTests.swift */ = {isa = PBXFileReference; lastKnownFileType = sourcecode.swift; path = CooffeShopUITestsLaunchTests.swift; sourceTree = "<group>"; };
		D277FE6B2B8172C700D432E5 /* Order.swift */ = {isa = PBXFileReference; lastKnownFileType = sourcecode.swift; path = Order.swift; sourceTree = "<group>"; };
		D277FE6E2B8178E400D432E5 /* OrdersTests.swift */ = {isa = PBXFileReference; lastKnownFileType = sourcecode.swift; path = OrdersTests.swift; sourceTree = "<group>"; };
/* End PBXFileReference section */

/* Begin PBXFrameworksBuildPhase section */
		D277FE392B81728A00D432E5 /* Frameworks */ = {
			isa = PBXFrameworksBuildPhase;
			buildActionMask = 2147483647;
			files = (
			);
			runOnlyForDeploymentPostprocessing = 0;
		};
		D277FE4A2B81728E00D432E5 /* Frameworks */ = {
			isa = PBXFrameworksBuildPhase;
			buildActionMask = 2147483647;
			files = (
			);
			runOnlyForDeploymentPostprocessing = 0;
		};
		D277FE542B81728E00D432E5 /* Frameworks */ = {
			isa = PBXFrameworksBuildPhase;
			buildActionMask = 2147483647;
			files = (
			);
			runOnlyForDeploymentPostprocessing = 0;
		};
/* End PBXFrameworksBuildPhase section */

/* Begin PBXGroup section */
		D277FE332B81728A00D432E5 = {
			isa = PBXGroup;
			children = (
				D277FE3E2B81728A00D432E5 /* CooffeShop */,
				D277FE502B81728E00D432E5 /* CooffeShopTests */,
				D277FE5A2B81728E00D432E5 /* CooffeShopUITests */,
				D277FE3D2B81728A00D432E5 /* Products */,
			);
			sourceTree = "<group>";
		};
		D277FE3D2B81728A00D432E5 /* Products */ = {
			isa = PBXGroup;
			children = (
				D277FE3C2B81728A00D432E5 /* CooffeShop.app */,
				D277FE4D2B81728E00D432E5 /* CooffeShopTests.xctest */,
				D277FE572B81728E00D432E5 /* CooffeShopUITests.xctest */,
			);
			name = Products;
			sourceTree = "<group>";
		};
		D277FE3E2B81728A00D432E5 /* CooffeShop */ = {
			isa = PBXGroup;
			children = (
				D277FE6A2B8172AA00D432E5 /* Models */,
				D277FE3F2B81728A00D432E5 /* CooffeShopApp.swift */,
				D277FE412B81728A00D432E5 /* ContentView.swift */,
				D277FE432B81728E00D432E5 /* Assets.xcassets */,
				D277FE452B81728E00D432E5 /* CooffeShop.entitlements */,
				D277FE462B81728E00D432E5 /* Preview Content */,
			);
			path = CooffeShop;
			sourceTree = "<group>";
		};
		D277FE462B81728E00D432E5 /* Preview Content */ = {
			isa = PBXGroup;
			children = (
				D277FE472B81728E00D432E5 /* Preview Assets.xcassets */,
			);
			path = "Preview Content";
			sourceTree = "<group>";
		};
		D277FE502B81728E00D432E5 /* CooffeShopTests */ = {
			isa = PBXGroup;
			children = (
				D277FE512B81728E00D432E5 /* CooffeShopTests.swift */,
				D277FE6E2B8178E400D432E5 /* OrdersTests.swift */,
			);
			path = CooffeShopTests;
			sourceTree = "<group>";
		};
		D277FE5A2B81728E00D432E5 /* CooffeShopUITests */ = {
			isa = PBXGroup;
			children = (
				D277FE5B2B81728E00D432E5 /* CooffeShopUITests.swift */,
				D277FE5D2B81728E00D432E5 /* CooffeShopUITestsLaunchTests.swift */,
			);
			path = CooffeShopUITests;
			sourceTree = "<group>";
		};
		D277FE6A2B8172AA00D432E5 /* Models */ = {
			isa = PBXGroup;
			children = (
				D277FE6B2B8172C700D432E5 /* Order.swift */,
			);
			path = Models;
			sourceTree = "<group>";
		};
/* End PBXGroup section */

/* Begin PBXNativeTarget section */
		D277FE3B2B81728A00D432E5 /* CooffeShop */ = {
			isa = PBXNativeTarget;
			buildConfigurationList = D277FE612B81728E00D432E5 /* Build configuration list for PBXNativeTarget "CooffeShop" */;
			buildPhases = (
				D277FE382B81728A00D432E5 /* Sources */,
				D277FE392B81728A00D432E5 /* Frameworks */,
				D277FE3A2B81728A00D432E5 /* Resources */,
			);
			buildRules = (
			);
			dependencies = (
			);
			name = CooffeShop;
			productName = CooffeShop;
			productReference = D277FE3C2B81728A00D432E5 /* CooffeShop.app */;
			productType = "com.apple.product-type.application";
		};
		D277FE4C2B81728E00D432E5 /* CooffeShopTests */ = {
			isa = PBXNativeTarget;
			buildConfigurationList = D277FE642B81728E00D432E5 /* Build configuration list for PBXNativeTarget "CooffeShopTests" */;
			buildPhases = (
				D277FE492B81728E00D432E5 /* Sources */,
				D277FE4A2B81728E00D432E5 /* Frameworks */,
				D277FE4B2B81728E00D432E5 /* Resources */,
			);
			buildRules = (
			);
			dependencies = (
				D277FE4F2B81728E00D432E5 /* PBXTargetDependency */,
			);
			name = CooffeShopTests;
			productName = CooffeShopTests;
			productReference = D277FE4D2B81728E00D432E5 /* CooffeShopTests.xctest */;
			productType = "com.apple.product-type.bundle.unit-test";
		};
		D277FE562B81728E00D432E5 /* CooffeShopUITests */ = {
			isa = PBXNativeTarget;
			buildConfigurationList = D277FE672B81728E00D432E5 /* Build configuration list for PBXNativeTarget "CooffeShopUITests" */;
			buildPhases = (
				D277FE532B81728E00D432E5 /* Sources */,
				D277FE542B81728E00D432E5 /* Frameworks */,
				D277FE552B81728E00D432E5 /* Resources */,
			);
			buildRules = (
			);
			dependencies = (
				D277FE592B81728E00D432E5 /* PBXTargetDependency */,
			);
			name = CooffeShopUITests;
			productName = CooffeShopUITests;
			productReference = D277FE572B81728E00D432E5 /* CooffeShopUITests.xctest */;
			productType = "com.apple.product-type.bundle.ui-testing";
		};
/* End PBXNativeTarget section */

/* Begin PBXProject section */
		D277FE342B81728A00D432E5 /* Project object */ = {
			isa = PBXProject;
			attributes = {
				BuildIndependentTargetsInParallel = 1;
				LastSwiftUpdateCheck = 1420;
				LastUpgradeCheck = 1420;
				TargetAttributes = {
					D277FE3B2B81728A00D432E5 = {
						CreatedOnToolsVersion = 14.2;
					};
					D277FE4C2B81728E00D432E5 = {
						CreatedOnToolsVersion = 14.2;
						TestTargetID = D277FE3B2B81728A00D432E5;
					};
					D277FE562B81728E00D432E5 = {
						CreatedOnToolsVersion = 14.2;
						TestTargetID = D277FE3B2B81728A00D432E5;
					};
				};
			};
			buildConfigurationList = D277FE372B81728A00D432E5 /* Build configuration list for PBXProject "CooffeShop" */;
			compatibilityVersion = "Xcode 14.0";
			developmentRegion = en;
			hasScannedForEncodings = 0;
			knownRegions = (
				en,
				Base,
			);
			mainGroup = D277FE332B81728A00D432E5;
			productRefGroup = D277FE3D2B81728A00D432E5 /* Products */;
			projectDirPath = "";
			projectRoot = "";
			targets = (
				D277FE3B2B81728A00D432E5 /* CooffeShop */,
				D277FE4C2B81728E00D432E5 /* CooffeShopTests */,
				D277FE562B81728E00D432E5 /* CooffeShopUITests */,
			);
		};
/* End PBXProject section */

/* Begin PBXResourcesBuildPhase section */
		D277FE3A2B81728A00D432E5 /* Resources */ = {
			isa = PBXResourcesBuildPhase;
			buildActionMask = 2147483647;
			files = (
				D277FE482B81728E00D432E5 /* Preview Assets.xcassets in Resources */,
				D277FE442B81728E00D432E5 /* Assets.xcassets in Resources */,
			);
			runOnlyForDeploymentPostprocessing = 0;
		};
		D277FE4B2B81728E00D432E5 /* Resources */ = {
			isa = PBXResourcesBuildPhase;
			buildActionMask = 2147483647;
			files = (
			);
			runOnlyForDeploymentPostprocessing = 0;
		};
		D277FE552B81728E00D432E5 /* Resources */ = {
			isa = PBXResourcesBuildPhase;
			buildActionMask = 2147483647;
			files = (
			);
			runOnlyForDeploymentPostprocessing = 0;
		};
/* End PBXResourcesBuildPhase section */

/* Begin PBXSourcesBuildPhase section */
		D277FE382B81728A00D432E5 /* Sources */ = {
			isa = PBXSourcesBuildPhase;
			buildActionMask = 2147483647;
			files = (
				D277FE6C2B8172C700D432E5 /* Order.swift in Sources */,
				D277FE422B81728A00D432E5 /* ContentView.swift in Sources */,
				D277FE402B81728A00D432E5 /* CooffeShopApp.swift in Sources */,
			);
			runOnlyForDeploymentPostprocessing = 0;
		};
		D277FE492B81728E00D432E5 /* Sources */ = {
			isa = PBXSourcesBuildPhase;
			buildActionMask = 2147483647;
			files = (
				D277FE6D2B8172C700D432E5 /* Order.swift in Sources */,
				D277FE522B81728E00D432E5 /* CooffeShopTests.swift in Sources */,
				D277FE6F2B8178E400D432E5 /* OrdersTests.swift in Sources */,
			);
			runOnlyForDeploymentPostprocessing = 0;
		};
		D277FE532B81728E00D432E5 /* Sources */ = {
			isa = PBXSourcesBuildPhase;
			buildActionMask = 2147483647;
			files = (
				D277FE5E2B81728E00D432E5 /* CooffeShopUITestsLaunchTests.swift in Sources */,
				D277FE5C2B81728E00D432E5 /* CooffeShopUITests.swift in Sources */,
			);
			runOnlyForDeploymentPostprocessing = 0;
		};
/* End PBXSourcesBuildPhase section */

/* Begin PBXTargetDependency section */
		D277FE4F2B81728E00D432E5 /* PBXTargetDependency */ = {
			isa = PBXTargetDependency;
			target = D277FE3B2B81728A00D432E5 /* CooffeShop */;
			targetProxy = D277FE4E2B81728E00D432E5 /* PBXContainerItemProxy */;
		};
		D277FE592B81728E00D432E5 /* PBXTargetDependency */ = {
			isa = PBXTargetDependency;
			target = D277FE3B2B81728A00D432E5 /* CooffeShop */;
			targetProxy = D277FE582B81728E00D432E5 /* PBXContainerItemProxy */;
		};
/* End PBXTargetDependency section */

/* Begin XCBuildConfiguration section */
		D277FE5F2B81728E00D432E5 /* Debug */ = {
			isa = XCBuildConfiguration;
			buildSettings = {
				ALWAYS_SEARCH_USER_PATHS = NO;
				CLANG_ANALYZER_NONNULL = YES;
				CLANG_ANALYZER_NUMBER_OBJECT_CONVERSION = YES_AGGRESSIVE;
				CLANG_CXX_LANGUAGE_STANDARD = "gnu++20";
				CLANG_ENABLE_MODULES = YES;
				CLANG_ENABLE_OBJC_ARC = YES;
				CLANG_ENABLE_OBJC_WEAK = YES;
				CLANG_WARN_BLOCK_CAPTURE_AUTORELEASING = YES;
				CLANG_WARN_BOOL_CONVERSION = YES;
				CLANG_WARN_COMMA = YES;
				CLANG_WARN_CONSTANT_CONVERSION = YES;
				CLANG_WARN_DEPRECATED_OBJC_IMPLEMENTATIONS = YES;
				CLANG_WARN_DIRECT_OBJC_ISA_USAGE = YES_ERROR;
				CLANG_WARN_DOCUMENTATION_COMMENTS = YES;
				CLANG_WARN_EMPTY_BODY = YES;
				CLANG_WARN_ENUM_CONVERSION = YES;
				CLANG_WARN_INFINITE_RECURSION = YES;
				CLANG_WARN_INT_CONVERSION = YES;
				CLANG_WARN_NON_LITERAL_NULL_CONVERSION = YES;
				CLANG_WARN_OBJC_IMPLICIT_RETAIN_SELF = YES;
				CLANG_WARN_OBJC_LITERAL_CONVERSION = YES;
				CLANG_WARN_OBJC_ROOT_CLASS = YES_ERROR;
				CLANG_WARN_QUOTED_INCLUDE_IN_FRAMEWORK_HEADER = YES;
				CLANG_WARN_RANGE_LOOP_ANALYSIS = YES;
				CLANG_WARN_STRICT_PROTOTYPES = YES;
				CLANG_WARN_SUSPICIOUS_MOVE = YES;
				CLANG_WARN_UNGUARDED_AVAILABILITY = YES_AGGRESSIVE;
				CLANG_WARN_UNREACHABLE_CODE = YES;
				CLANG_WARN__DUPLICATE_METHOD_MATCH = YES;
				COPY_PHASE_STRIP = NO;
				DEBUG_INFORMATION_FORMAT = dwarf;
				ENABLE_STRICT_OBJC_MSGSEND = YES;
				ENABLE_TESTABILITY = YES;
				GCC_C_LANGUAGE_STANDARD = gnu11;
				GCC_DYNAMIC_NO_PIC = NO;
				GCC_NO_COMMON_BLOCKS = YES;
				GCC_OPTIMIZATION_LEVEL = 0;
				GCC_PREPROCESSOR_DEFINITIONS = (
					"DEBUG=1",
					"$(inherited)",
				);
				GCC_WARN_64_TO_32_BIT_CONVERSION = YES;
				GCC_WARN_ABOUT_RETURN_TYPE = YES_ERROR;
				GCC_WARN_UNDECLARED_SELECTOR = YES;
				GCC_WARN_UNINITIALIZED_AUTOS = YES_AGGRESSIVE;
				GCC_WARN_UNUSED_FUNCTION = YES;
				GCC_WARN_UNUSED_VARIABLE = YES;
				MTL_ENABLE_DEBUG_INFO = INCLUDE_SOURCE;
				MTL_FAST_MATH = YES;
				ONLY_ACTIVE_ARCH = YES;
				SWIFT_ACTIVE_COMPILATION_CONDITIONS = DEBUG;
				SWIFT_OPTIMIZATION_LEVEL = "-Onone";
			};
			name = Debug;
		};
		D277FE602B81728E00D432E5 /* Release */ = {
			isa = XCBuildConfiguration;
			buildSettings = {
				ALWAYS_SEARCH_USER_PATHS = NO;
				CLANG_ANALYZER_NONNULL = YES;
				CLANG_ANALYZER_NUMBER_OBJECT_CONVERSION = YES_AGGRESSIVE;
				CLANG_CXX_LANGUAGE_STANDARD = "gnu++20";
				CLANG_ENABLE_MODULES = YES;
				CLANG_ENABLE_OBJC_ARC = YES;
				CLANG_ENABLE_OBJC_WEAK = YES;
				CLANG_WARN_BLOCK_CAPTURE_AUTORELEASING = YES;
				CLANG_WARN_BOOL_CONVERSION = YES;
				CLANG_WARN_COMMA = YES;
				CLANG_WARN_CONSTANT_CONVERSION = YES;
				CLANG_WARN_DEPRECATED_OBJC_IMPLEMENTATIONS = YES;
				CLANG_WARN_DIRECT_OBJC_ISA_USAGE = YES_ERROR;
				CLANG_WARN_DOCUMENTATION_COMMENTS = YES;
				CLANG_WARN_EMPTY_BODY = YES;
				CLANG_WARN_ENUM_CONVERSION = YES;
				CLANG_WARN_INFINITE_RECURSION = YES;
				CLANG_WARN_INT_CONVERSION = YES;
				CLANG_WARN_NON_LITERAL_NULL_CONVERSION = YES;
				CLANG_WARN_OBJC_IMPLICIT_RETAIN_SELF = YES;
				CLANG_WARN_OBJC_LITERAL_CONVERSION = YES;
				CLANG_WARN_OBJC_ROOT_CLASS = YES_ERROR;
				CLANG_WARN_QUOTED_INCLUDE_IN_FRAMEWORK_HEADER = YES;
				CLANG_WARN_RANGE_LOOP_ANALYSIS = YES;
				CLANG_WARN_STRICT_PROTOTYPES = YES;
				CLANG_WARN_SUSPICIOUS_MOVE = YES;
				CLANG_WARN_UNGUARDED_AVAILABILITY = YES_AGGRESSIVE;
				CLANG_WARN_UNREACHABLE_CODE = YES;
				CLANG_WARN__DUPLICATE_METHOD_MATCH = YES;
				COPY_PHASE_STRIP = NO;
				DEBUG_INFORMATION_FORMAT = "dwarf-with-dsym";
				ENABLE_NS_ASSERTIONS = NO;
				ENABLE_STRICT_OBJC_MSGSEND = YES;
				GCC_C_LANGUAGE_STANDARD = gnu11;
				GCC_NO_COMMON_BLOCKS = YES;
				GCC_WARN_64_TO_32_BIT_CONVERSION = YES;
				GCC_WARN_ABOUT_RETURN_TYPE = YES_ERROR;
				GCC_WARN_UNDECLARED_SELECTOR = YES;
				GCC_WARN_UNINITIALIZED_AUTOS = YES_AGGRESSIVE;
				GCC_WARN_UNUSED_FUNCTION = YES;
				GCC_WARN_UNUSED_VARIABLE = YES;
				MTL_ENABLE_DEBUG_INFO = NO;
				MTL_FAST_MATH = YES;
				SWIFT_COMPILATION_MODE = wholemodule;
				SWIFT_OPTIMIZATION_LEVEL = "-O";
			};
			name = Release;
		};
		D277FE622B81728E00D432E5 /* Debug */ = {
			isa = XCBuildConfiguration;
			buildSettings = {
				ASSETCATALOG_COMPILER_APPICON_NAME = AppIcon;
				ASSETCATALOG_COMPILER_GLOBAL_ACCENT_COLOR_NAME = AccentColor;
				CODE_SIGN_ENTITLEMENTS = CooffeShop/CooffeShop.entitlements;
				CODE_SIGN_STYLE = Automatic;
				CURRENT_PROJECT_VERSION = 1;
				DEVELOPMENT_ASSET_PATHS = "\"CooffeShop/Preview Content\"";
				DEVELOPMENT_TEAM = 6G8JULRZR4;
				ENABLE_HARDENED_RUNTIME = YES;
				ENABLE_PREVIEWS = YES;
				GENERATE_INFOPLIST_FILE = YES;
				"INFOPLIST_KEY_UIApplicationSceneManifest_Generation[sdk=iphoneos*]" = YES;
				"INFOPLIST_KEY_UIApplicationSceneManifest_Generation[sdk=iphonesimulator*]" = YES;
				"INFOPLIST_KEY_UIApplicationSupportsIndirectInputEvents[sdk=iphoneos*]" = YES;
				"INFOPLIST_KEY_UIApplicationSupportsIndirectInputEvents[sdk=iphonesimulator*]" = YES;
				"INFOPLIST_KEY_UILaunchScreen_Generation[sdk=iphoneos*]" = YES;
				"INFOPLIST_KEY_UILaunchScreen_Generation[sdk=iphonesimulator*]" = YES;
				"INFOPLIST_KEY_UIStatusBarStyle[sdk=iphoneos*]" = UIStatusBarStyleDefault;
				"INFOPLIST_KEY_UIStatusBarStyle[sdk=iphonesimulator*]" = UIStatusBarStyleDefault;
				INFOPLIST_KEY_UISupportedInterfaceOrientations_iPad = "UIInterfaceOrientationPortrait UIInterfaceOrientationPortraitUpsideDown UIInterfaceOrientationLandscapeLeft UIInterfaceOrientationLandscapeRight";
				INFOPLIST_KEY_UISupportedInterfaceOrientations_iPhone = "UIInterfaceOrientationPortrait UIInterfaceOrientationLandscapeLeft UIInterfaceOrientationLandscapeRight";
				IPHONEOS_DEPLOYMENT_TARGET = 16.2;
				LD_RUNPATH_SEARCH_PATHS = "@executable_path/Frameworks";
				"LD_RUNPATH_SEARCH_PATHS[sdk=macosx*]" = "@executable_path/../Frameworks";
				MACOSX_DEPLOYMENT_TARGET = 12.7;
				MARKETING_VERSION = 1.0;
				PRODUCT_BUNDLE_IDENTIFIER = br.com.aletlima.CooffeShop;
				PRODUCT_NAME = "$(TARGET_NAME)";
				SDKROOT = auto;
				SUPPORTED_PLATFORMS = "iphoneos iphonesimulator macosx";
				SWIFT_EMIT_LOC_STRINGS = YES;
				SWIFT_VERSION = 5.0;
				TARGETED_DEVICE_FAMILY = "1,2";
			};
			name = Debug;
		};
		D277FE632B81728E00D432E5 /* Release */ = {
			isa = XCBuildConfiguration;
			buildSettings = {
				ASSETCATALOG_COMPILER_APPICON_NAME = AppIcon;
				ASSETCATALOG_COMPILER_GLOBAL_ACCENT_COLOR_NAME = AccentColor;
				CODE_SIGN_ENTITLEMENTS = CooffeShop/CooffeShop.entitlements;
				CODE_SIGN_STYLE = Automatic;
				CURRENT_PROJECT_VERSION = 1;
				DEVELOPMENT_ASSET_PATHS = "\"CooffeShop/Preview Content\"";
				DEVELOPMENT_TEAM = 6G8JULRZR4;
				ENABLE_HARDENED_RUNTIME = YES;
				ENABLE_PREVIEWS = YES;
				GENERATE_INFOPLIST_FILE = YES;
				"INFOPLIST_KEY_UIApplicationSceneManifest_Generation[sdk=iphoneos*]" = YES;
				"INFOPLIST_KEY_UIApplicationSceneManifest_Generation[sdk=iphonesimulator*]" = YES;
				"INFOPLIST_KEY_UIApplicationSupportsIndirectInputEvents[sdk=iphoneos*]" = YES;
				"INFOPLIST_KEY_UIApplicationSupportsIndirectInputEvents[sdk=iphonesimulator*]" = YES;
				"INFOPLIST_KEY_UILaunchScreen_Generation[sdk=iphoneos*]" = YES;
				"INFOPLIST_KEY_UILaunchScreen_Generation[sdk=iphonesimulator*]" = YES;
				"INFOPLIST_KEY_UIStatusBarStyle[sdk=iphoneos*]" = UIStatusBarStyleDefault;
				"INFOPLIST_KEY_UIStatusBarStyle[sdk=iphonesimulator*]" = UIStatusBarStyleDefault;
				INFOPLIST_KEY_UISupportedInterfaceOrientations_iPad = "UIInterfaceOrientationPortrait UIInterfaceOrientationPortraitUpsideDown UIInterfaceOrientationLandscapeLeft UIInterfaceOrientationLandscapeRight";
				INFOPLIST_KEY_UISupportedInterfaceOrientations_iPhone = "UIInterfaceOrientationPortrait UIInterfaceOrientationLandscapeLeft UIInterfaceOrientationLandscapeRight";
				IPHONEOS_DEPLOYMENT_TARGET = 16.2;
				LD_RUNPATH_SEARCH_PATHS = "@executable_path/Frameworks";
				"LD_RUNPATH_SEARCH_PATHS[sdk=macosx*]" = "@executable_path/../Frameworks";
				MACOSX_DEPLOYMENT_TARGET = 12.7;
				MARKETING_VERSION = 1.0;
				PRODUCT_BUNDLE_IDENTIFIER = br.com.aletlima.CooffeShop;
				PRODUCT_NAME = "$(TARGET_NAME)";
				SDKROOT = auto;
				SUPPORTED_PLATFORMS = "iphoneos iphonesimulator macosx";
				SWIFT_EMIT_LOC_STRINGS = YES;
				SWIFT_VERSION = 5.0;
				TARGETED_DEVICE_FAMILY = "1,2";
			};
			name = Release;
		};
		D277FE652B81728E00D432E5 /* Debug */ = {
			isa = XCBuildConfiguration;
			buildSettings = {
				ALWAYS_EMBED_SWIFT_STANDARD_LIBRARIES = YES;
				BUNDLE_LOADER = "$(TEST_HOST)";
				CODE_SIGN_STYLE = Automatic;
				CURRENT_PROJECT_VERSION = 1;
				DEVELOPMENT_TEAM = 6G8JULRZR4;
				GENERATE_INFOPLIST_FILE = YES;
				IPHONEOS_DEPLOYMENT_TARGET = 16.2;
				MACOSX_DEPLOYMENT_TARGET = 12.7;
				MARKETING_VERSION = 1.0;
				PRODUCT_BUNDLE_IDENTIFIER = br.com.aletlima.CooffeShopTests;
				PRODUCT_NAME = "$(TARGET_NAME)";
				SDKROOT = auto;
				SUPPORTED_PLATFORMS = "iphoneos iphonesimulator macosx";
				SWIFT_EMIT_LOC_STRINGS = NO;
				SWIFT_VERSION = 5.0;
				TARGETED_DEVICE_FAMILY = "1,2";
				TEST_HOST = "$(BUILT_PRODUCTS_DIR)/CooffeShop.app/$(BUNDLE_EXECUTABLE_FOLDER_PATH)/CooffeShop";
			};
			name = Debug;
		};
		D277FE662B81728E00D432E5 /* Release */ = {
			isa = XCBuildConfiguration;
			buildSettings = {
				ALWAYS_EMBED_SWIFT_STANDARD_LIBRARIES = YES;
				BUNDLE_LOADER = "$(TEST_HOST)";
				CODE_SIGN_STYLE = Automatic;
				CURRENT_PROJECT_VERSION = 1;
				DEVELOPMENT_TEAM = 6G8JULRZR4;
				GENERATE_INFOPLIST_FILE = YES;
				IPHONEOS_DEPLOYMENT_TARGET = 16.2;
				MACOSX_DEPLOYMENT_TARGET = 12.7;
				MARKETING_VERSION = 1.0;
				PRODUCT_BUNDLE_IDENTIFIER = br.com.aletlima.CooffeShopTests;
				PRODUCT_NAME = "$(TARGET_NAME)";
				SDKROOT = auto;
				SUPPORTED_PLATFORMS = "iphoneos iphonesimulator macosx";
				SWIFT_EMIT_LOC_STRINGS = NO;
				SWIFT_VERSION = 5.0;
				TARGETED_DEVICE_FAMILY = "1,2";
				TEST_HOST = "$(BUILT_PRODUCTS_DIR)/CooffeShop.app/$(BUNDLE_EXECUTABLE_FOLDER_PATH)/CooffeShop";
			};
			name = Release;
		};
		D277FE682B81728E00D432E5 /* Debug */ = {
			isa = XCBuildConfiguration;
			buildSettings = {
				ALWAYS_EMBED_SWIFT_STANDARD_LIBRARIES = YES;
				CODE_SIGN_STYLE = Automatic;
				CURRENT_PROJECT_VERSION = 1;
				DEVELOPMENT_TEAM = 6G8JULRZR4;
				GENERATE_INFOPLIST_FILE = YES;
				IPHONEOS_DEPLOYMENT_TARGET = 16.2;
				MACOSX_DEPLOYMENT_TARGET = 12.7;
				MARKETING_VERSION = 1.0;
				PRODUCT_BUNDLE_IDENTIFIER = br.com.aletlima.CooffeShopUITests;
				PRODUCT_NAME = "$(TARGET_NAME)";
				SDKROOT = auto;
				SUPPORTED_PLATFORMS = "iphoneos iphonesimulator macosx";
				SWIFT_EMIT_LOC_STRINGS = NO;
				SWIFT_VERSION = 5.0;
				TARGETED_DEVICE_FAMILY = "1,2";
				TEST_TARGET_NAME = CooffeShop;
			};
			name = Debug;
		};
		D277FE692B81728E00D432E5 /* Release */ = {
			isa = XCBuildConfiguration;
			buildSettings = {
				ALWAYS_EMBED_SWIFT_STANDARD_LIBRARIES = YES;
				CODE_SIGN_STYLE = Automatic;
				CURRENT_PROJECT_VERSION = 1;
				DEVELOPMENT_TEAM = 6G8JULRZR4;
				GENERATE_INFOPLIST_FILE = YES;
				IPHONEOS_DEPLOYMENT_TARGET = 16.2;
				MACOSX_DEPLOYMENT_TARGET = 12.7;
				MARKETING_VERSION = 1.0;
				PRODUCT_BUNDLE_IDENTIFIER = br.com.aletlima.CooffeShopUITests;
				PRODUCT_NAME = "$(TARGET_NAME)";
				SDKROOT = auto;
				SUPPORTED_PLATFORMS = "iphoneos iphonesimulator macosx";
				SWIFT_EMIT_LOC_STRINGS = NO;
				SWIFT_VERSION = 5.0;
				TARGETED_DEVICE_FAMILY = "1,2";
				TEST_TARGET_NAME = CooffeShop;
			};
			name = Release;
		};
/* End XCBuildConfiguration section */

/* Begin XCConfigurationList section */
		D277FE372B81728A00D432E5 /* Build configuration list for PBXProject "CooffeShop" */ = {
			isa = XCConfigurationList;
			buildConfigurations = (
				D277FE5F2B81728E00D432E5 /* Debug */,
				D277FE602B81728E00D432E5 /* Release */,
			);
			defaultConfigurationIsVisible = 0;
			defaultConfigurationName = Release;
		};
		D277FE612B81728E00D432E5 /* Build configuration list for PBXNativeTarget "CooffeShop" */ = {
			isa = XCConfigurationList;
			buildConfigurations = (
				D277FE622B81728E00D432E5 /* Debug */,
				D277FE632B81728E00D432E5 /* Release */,
			);
			defaultConfigurationIsVisible = 0;
			defaultConfigurationName = Release;
		};
		D277FE642B81728E00D432E5 /* Build configuration list for PBXNativeTarget "CooffeShopTests" */ = {
			isa = XCConfigurationList;
			buildConfigurations = (
				D277FE652B81728E00D432E5 /* Debug */,
				D277FE662B81728E00D432E5 /* Release */,
			);
			defaultConfigurationIsVisible = 0;
			defaultConfigurationName = Release;
		};
		D277FE672B81728E00D432E5 /* Build configuration list for PBXNativeTarget "CooffeShopUITests" */ = {
			isa = XCConfigurationList;
			buildConfigurations = (
				D277FE682B81728E00D432E5 /* Debug */,
				D277FE692B81728E00D432E5 /* Release */,
			);
			defaultConfigurationIsVisible = 0;
			defaultConfigurationName = Release;
		};
/* End XCConfigurationList section */
	};
	rootObject = D277FE342B81728A00D432E5 /* Project object */;
}
