// !$*UTF8*$!
{
	archiveVersion = 1;
	classes = {
	};
	objectVersion = 56;
	objects = {

/* Begin PBXBuildFile section */
		D210B8682CEB7B980031C908 /* SwiftUIAndCoordinatorApp.swift in Sources */ = {isa = PBXBuildFile; fileRef = D210B8672CEB7B980031C908 /* SwiftUIAndCoordinatorApp.swift */; };
		D210B86A2CEB7B980031C908 /* ContentView.swift in Sources */ = {isa = PBXBuildFile; fileRef = D210B8692CEB7B980031C908 /* ContentView.swift */; };
		D210B86C2CEB7B9C0031C908 /* Assets.xcassets in Resources */ = {isa = PBXBuildFile; fileRef = D210B86B2CEB7B9C0031C908 /* Assets.xcassets */; };
		D210B86F2CEB7B9C0031C908 /* Preview Assets.xcassets in Resources */ = {isa = PBXBuildFile; fileRef = D210B86E2CEB7B9C0031C908 /* Preview Assets.xcassets */; };
		D210B8772CEB88860031C908 /* AppCoordinatorProtocol.swift in Sources */ = {isa = PBXBuildFile; fileRef = D210B8762CEB88860031C908 /* AppCoordinatorProtocol.swift */; };
		D210B87A2CEB89D00031C908 /* Habit.swift in Sources */ = {isa = PBXBuildFile; fileRef = D210B8792CEB89D00031C908 /* Habit.swift */; };
		D210B87C2CEB89FE0031C908 /* Task.swift in Sources */ = {isa = PBXBuildFile; fileRef = D210B87B2CEB89FE0031C908 /* Task.swift */; };
		D2F3AA532CEB966C009DF15A /* AppCoordinatorImpl.swift in Sources */ = {isa = PBXBuildFile; fileRef = D2F3AA522CEB966C009DF15A /* AppCoordinatorImpl.swift */; };
		D2F3AA552CEBA2A4009DF15A /* HomeView.swift in Sources */ = {isa = PBXBuildFile; fileRef = D2F3AA542CEBA2A4009DF15A /* HomeView.swift */; };
		D2F3AA582CEBA2D5009DF15A /* DetailTaskView.swift in Sources */ = {isa = PBXBuildFile; fileRef = D2F3AA572CEBA2D5009DF15A /* DetailTaskView.swift */; };
		D2F3AA5A2CEBA2F5009DF15A /* AddHabitView.swift in Sources */ = {isa = PBXBuildFile; fileRef = D2F3AA592CEBA2F5009DF15A /* AddHabitView.swift */; };
		D2F3AA5C2CEBA448009DF15A /* ListHabitView.swift in Sources */ = {isa = PBXBuildFile; fileRef = D2F3AA5B2CEBA448009DF15A /* ListHabitView.swift */; };
		D2F3AA602CEBA47D009DF15A /* DetailHabitView.swift in Sources */ = {isa = PBXBuildFile; fileRef = D2F3AA5F2CEBA47D009DF15A /* DetailHabitView.swift */; };
		D2F3AA622CEBA5D3009DF15A /* CoordinatorView.swift in Sources */ = {isa = PBXBuildFile; fileRef = D2F3AA612CEBA5D3009DF15A /* CoordinatorView.swift */; };
/* End PBXBuildFile section */

/* Begin PBXFileReference section */
		D210B8642CEB7B980031C908 /* SwiftUIAndCoordinator.app */ = {isa = PBXFileReference; explicitFileType = wrapper.application; includeInIndex = 0; path = SwiftUIAndCoordinator.app; sourceTree = BUILT_PRODUCTS_DIR; };
		D210B8672CEB7B980031C908 /* SwiftUIAndCoordinatorApp.swift */ = {isa = PBXFileReference; lastKnownFileType = sourcecode.swift; path = SwiftUIAndCoordinatorApp.swift; sourceTree = "<group>"; };
		D210B8692CEB7B980031C908 /* ContentView.swift */ = {isa = PBXFileReference; lastKnownFileType = sourcecode.swift; path = ContentView.swift; sourceTree = "<group>"; };
		D210B86B2CEB7B9C0031C908 /* Assets.xcassets */ = {isa = PBXFileReference; lastKnownFileType = folder.assetcatalog; path = Assets.xcassets; sourceTree = "<group>"; };
		D210B86E2CEB7B9C0031C908 /* Preview Assets.xcassets */ = {isa = PBXFileReference; lastKnownFileType = folder.assetcatalog; path = "Preview Assets.xcassets"; sourceTree = "<group>"; };
		D210B8762CEB88860031C908 /* AppCoordinatorProtocol.swift */ = {isa = PBXFileReference; lastKnownFileType = sourcecode.swift; path = AppCoordinatorProtocol.swift; sourceTree = "<group>"; };
		D210B8792CEB89D00031C908 /* Habit.swift */ = {isa = PBXFileReference; lastKnownFileType = sourcecode.swift; path = Habit.swift; sourceTree = "<group>"; };
		D210B87B2CEB89FE0031C908 /* Task.swift */ = {isa = PBXFileReference; lastKnownFileType = sourcecode.swift; path = Task.swift; sourceTree = "<group>"; };
		D2F3AA522CEB966C009DF15A /* AppCoordinatorImpl.swift */ = {isa = PBXFileReference; lastKnownFileType = sourcecode.swift; path = AppCoordinatorImpl.swift; sourceTree = "<group>"; };
		D2F3AA542CEBA2A4009DF15A /* HomeView.swift */ = {isa = PBXFileReference; lastKnownFileType = sourcecode.swift; path = HomeView.swift; sourceTree = "<group>"; };
		D2F3AA572CEBA2D5009DF15A /* DetailTaskView.swift */ = {isa = PBXFileReference; lastKnownFileType = sourcecode.swift; path = DetailTaskView.swift; sourceTree = "<group>"; };
		D2F3AA592CEBA2F5009DF15A /* AddHabitView.swift */ = {isa = PBXFileReference; lastKnownFileType = sourcecode.swift; path = AddHabitView.swift; sourceTree = "<group>"; };
		D2F3AA5B2CEBA448009DF15A /* ListHabitView.swift */ = {isa = PBXFileReference; lastKnownFileType = sourcecode.swift; path = ListHabitView.swift; sourceTree = "<group>"; };
		D2F3AA5F2CEBA47D009DF15A /* DetailHabitView.swift */ = {isa = PBXFileReference; lastKnownFileType = sourcecode.swift; path = DetailHabitView.swift; sourceTree = "<group>"; };
		D2F3AA612CEBA5D3009DF15A /* CoordinatorView.swift */ = {isa = PBXFileReference; lastKnownFileType = sourcecode.swift; path = CoordinatorView.swift; sourceTree = "<group>"; };
/* End PBXFileReference section */

/* Begin PBXFrameworksBuildPhase section */
		D210B8612CEB7B980031C908 /* Frameworks */ = {
			isa = PBXFrameworksBuildPhase;
			buildActionMask = 2147483647;
			files = (
			);
			runOnlyForDeploymentPostprocessing = 0;
		};
/* End PBXFrameworksBuildPhase section */

/* Begin PBXGroup section */
		D210B85B2CEB7B980031C908 = {
			isa = PBXGroup;
			children = (
				D210B8662CEB7B980031C908 /* SwiftUIAndCoordinator */,
				D210B8652CEB7B980031C908 /* Products */,
			);
			sourceTree = "<group>";
		};
		D210B8652CEB7B980031C908 /* Products */ = {
			isa = PBXGroup;
			children = (
				D210B8642CEB7B980031C908 /* SwiftUIAndCoordinator.app */,
			);
			name = Products;
			sourceTree = "<group>";
		};
		D210B8662CEB7B980031C908 /* SwiftUIAndCoordinator */ = {
			isa = PBXGroup;
			children = (
				D2F3AA562CEBA2C0009DF15A /* Views */,
				D210B8782CEB89BF0031C908 /* Models */,
				D210B8752CEB88720031C908 /* Application */,
				D210B8672CEB7B980031C908 /* SwiftUIAndCoordinatorApp.swift */,
				D210B86B2CEB7B9C0031C908 /* Assets.xcassets */,
				D210B86D2CEB7B9C0031C908 /* Preview Content */,
			);
			path = SwiftUIAndCoordinator;
			sourceTree = "<group>";
		};
		D210B86D2CEB7B9C0031C908 /* Preview Content */ = {
			isa = PBXGroup;
			children = (
				D210B86E2CEB7B9C0031C908 /* Preview Assets.xcassets */,
			);
			path = "Preview Content";
			sourceTree = "<group>";
		};
		D210B8752CEB88720031C908 /* Application */ = {
			isa = PBXGroup;
			children = (
				D210B8762CEB88860031C908 /* AppCoordinatorProtocol.swift */,
				D2F3AA522CEB966C009DF15A /* AppCoordinatorImpl.swift */,
			);
			path = Application;
			sourceTree = "<group>";
		};
		D210B8782CEB89BF0031C908 /* Models */ = {
			isa = PBXGroup;
			children = (
				D210B8792CEB89D00031C908 /* Habit.swift */,
				D210B87B2CEB89FE0031C908 /* Task.swift */,
			);
			path = Models;
			sourceTree = "<group>";
		};
		D2F3AA562CEBA2C0009DF15A /* Views */ = {
			isa = PBXGroup;
			children = (
				D2F3AA572CEBA2D5009DF15A /* DetailTaskView.swift */,
				D2F3AA542CEBA2A4009DF15A /* HomeView.swift */,
				D2F3AA592CEBA2F5009DF15A /* AddHabitView.swift */,
				D210B8692CEB7B980031C908 /* ContentView.swift */,
				D2F3AA5B2CEBA448009DF15A /* ListHabitView.swift */,
				D2F3AA5F2CEBA47D009DF15A /* DetailHabitView.swift */,
				D2F3AA612CEBA5D3009DF15A /* CoordinatorView.swift */,
			);
			path = Views;
			sourceTree = "<group>";
		};
/* End PBXGroup section */

/* Begin PBXNativeTarget section */
		D210B8632CEB7B980031C908 /* SwiftUIAndCoordinator */ = {
			isa = PBXNativeTarget;
			buildConfigurationList = D210B8722CEB7B9C0031C908 /* Build configuration list for PBXNativeTarget "SwiftUIAndCoordinator" */;
			buildPhases = (
				D210B8602CEB7B980031C908 /* Sources */,
				D210B8612CEB7B980031C908 /* Frameworks */,
				D210B8622CEB7B980031C908 /* Resources */,
			);
			buildRules = (
			);
			dependencies = (
			);
			name = SwiftUIAndCoordinator;
			productName = SwiftUIAndCoordinator;
			productReference = D210B8642CEB7B980031C908 /* SwiftUIAndCoordinator.app */;
			productType = "com.apple.product-type.application";
		};
/* End PBXNativeTarget section */

/* Begin PBXProject section */
		D210B85C2CEB7B980031C908 /* Project object */ = {
			isa = PBXProject;
			attributes = {
				BuildIndependentTargetsInParallel = 1;
				LastSwiftUpdateCheck = 1420;
				LastUpgradeCheck = 1420;
				TargetAttributes = {
					D210B8632CEB7B980031C908 = {
						CreatedOnToolsVersion = 14.2;
					};
				};
			};
			buildConfigurationList = D210B85F2CEB7B980031C908 /* Build configuration list for PBXProject "SwiftUIAndCoordinator" */;
			compatibilityVersion = "Xcode 14.0";
			developmentRegion = en;
			hasScannedForEncodings = 0;
			knownRegions = (
				en,
				Base,
			);
			mainGroup = D210B85B2CEB7B980031C908;
			productRefGroup = D210B8652CEB7B980031C908 /* Products */;
			projectDirPath = "";
			projectRoot = "";
			targets = (
				D210B8632CEB7B980031C908 /* SwiftUIAndCoordinator */,
			);
		};
/* End PBXProject section */

/* Begin PBXResourcesBuildPhase section */
		D210B8622CEB7B980031C908 /* Resources */ = {
			isa = PBXResourcesBuildPhase;
			buildActionMask = 2147483647;
			files = (
				D210B86F2CEB7B9C0031C908 /* Preview Assets.xcassets in Resources */,
				D210B86C2CEB7B9C0031C908 /* Assets.xcassets in Resources */,
			);
			runOnlyForDeploymentPostprocessing = 0;
		};
/* End PBXResourcesBuildPhase section */

/* Begin PBXSourcesBuildPhase section */
		D210B8602CEB7B980031C908 /* Sources */ = {
			isa = PBXSourcesBuildPhase;
			buildActionMask = 2147483647;
			files = (
				D2F3AA582CEBA2D5009DF15A /* DetailTaskView.swift in Sources */,
				D210B86A2CEB7B980031C908 /* ContentView.swift in Sources */,
				D2F3AA552CEBA2A4009DF15A /* HomeView.swift in Sources */,
				D2F3AA602CEBA47D009DF15A /* DetailHabitView.swift in Sources */,
				D210B8682CEB7B980031C908 /* SwiftUIAndCoordinatorApp.swift in Sources */,
				D2F3AA532CEB966C009DF15A /* AppCoordinatorImpl.swift in Sources */,
				D2F3AA5A2CEBA2F5009DF15A /* AddHabitView.swift in Sources */,
				D2F3AA622CEBA5D3009DF15A /* CoordinatorView.swift in Sources */,
				D210B87C2CEB89FE0031C908 /* Task.swift in Sources */,
				D2F3AA5C2CEBA448009DF15A /* ListHabitView.swift in Sources */,
				D210B87A2CEB89D00031C908 /* Habit.swift in Sources */,
				D210B8772CEB88860031C908 /* AppCoordinatorProtocol.swift in Sources */,
			);
			runOnlyForDeploymentPostprocessing = 0;
		};
/* End PBXSourcesBuildPhase section */

/* Begin XCBuildConfiguration section */
		D210B8702CEB7B9C0031C908 /* Debug */ = {
			isa = XCBuildConfiguration;
			buildSettings = {
				ALWAYS_SEARCH_USER_PATHS = NO;
				CLANG_ANALYZER_NONNULL = YES;
				CLANG_ANALYZER_NUMBER_OBJECT_CONVERSION = YES_AGGRESSIVE;
				CLANG_CXX_LANGUAGE_STANDARD = "gnu++20";
				CLANG_ENABLE_MODULES = YES;
				CLANG_ENABLE_OBJC_ARC = YES;
				CLANG_ENABLE_OBJC_WEAK = YES;
				CLANG_WARN_BLOCK_CAPTURE_AUTORELEASING = YES;
				CLANG_WARN_BOOL_CONVERSION = YES;
				CLANG_WARN_COMMA = YES;
				CLANG_WARN_CONSTANT_CONVERSION = YES;
				CLANG_WARN_DEPRECATED_OBJC_IMPLEMENTATIONS = YES;
				CLANG_WARN_DIRECT_OBJC_ISA_USAGE = YES_ERROR;
				CLANG_WARN_DOCUMENTATION_COMMENTS = YES;
				CLANG_WARN_EMPTY_BODY = YES;
				CLANG_WARN_ENUM_CONVERSION = YES;
				CLANG_WARN_INFINITE_RECURSION = YES;
				CLANG_WARN_INT_CONVERSION = YES;
				CLANG_WARN_NON_LITERAL_NULL_CONVERSION = YES;
				CLANG_WARN_OBJC_IMPLICIT_RETAIN_SELF = YES;
				CLANG_WARN_OBJC_LITERAL_CONVERSION = YES;
				CLANG_WARN_OBJC_ROOT_CLASS = YES_ERROR;
				CLANG_WARN_QUOTED_INCLUDE_IN_FRAMEWORK_HEADER = YES;
				CLANG_WARN_RANGE_LOOP_ANALYSIS = YES;
				CLANG_WARN_STRICT_PROTOTYPES = YES;
				CLANG_WARN_SUSPICIOUS_MOVE = YES;
				CLANG_WARN_UNGUARDED_AVAILABILITY = YES_AGGRESSIVE;
				CLANG_WARN_UNREACHABLE_CODE = YES;
				CLANG_WARN__DUPLICATE_METHOD_MATCH = YES;
				COPY_PHASE_STRIP = NO;
				DEBUG_INFORMATION_FORMAT = dwarf;
				ENABLE_STRICT_OBJC_MSGSEND = YES;
				ENABLE_TESTABILITY = YES;
				GCC_C_LANGUAGE_STANDARD = gnu11;
				GCC_DYNAMIC_NO_PIC = NO;
				GCC_NO_COMMON_BLOCKS = YES;
				GCC_OPTIMIZATION_LEVEL = 0;
				GCC_PREPROCESSOR_DEFINITIONS = (
					"DEBUG=1",
					"$(inherited)",
				);
				GCC_WARN_64_TO_32_BIT_CONVERSION = YES;
				GCC_WARN_ABOUT_RETURN_TYPE = YES_ERROR;
				GCC_WARN_UNDECLARED_SELECTOR = YES;
				GCC_WARN_UNINITIALIZED_AUTOS = YES_AGGRESSIVE;
				GCC_WARN_UNUSED_FUNCTION = YES;
				GCC_WARN_UNUSED_VARIABLE = YES;
				IPHONEOS_DEPLOYMENT_TARGET = 16.2;
				MTL_ENABLE_DEBUG_INFO = INCLUDE_SOURCE;
				MTL_FAST_MATH = YES;
				ONLY_ACTIVE_ARCH = YES;
				SDKROOT = iphoneos;
				SWIFT_ACTIVE_COMPILATION_CONDITIONS = DEBUG;
				SWIFT_OPTIMIZATION_LEVEL = "-Onone";
			};
			name = Debug;
		};
		D210B8712CEB7B9C0031C908 /* Release */ = {
			isa = XCBuildConfiguration;
			buildSettings = {
				ALWAYS_SEARCH_USER_PATHS = NO;
				CLANG_ANALYZER_NONNULL = YES;
				CLANG_ANALYZER_NUMBER_OBJECT_CONVERSION = YES_AGGRESSIVE;
				CLANG_CXX_LANGUAGE_STANDARD = "gnu++20";
				CLANG_ENABLE_MODULES = YES;
				CLANG_ENABLE_OBJC_ARC = YES;
				CLANG_ENABLE_OBJC_WEAK = YES;
				CLANG_WARN_BLOCK_CAPTURE_AUTORELEASING = YES;
				CLANG_WARN_BOOL_CONVERSION = YES;
				CLANG_WARN_COMMA = YES;
				CLANG_WARN_CONSTANT_CONVERSION = YES;
				CLANG_WARN_DEPRECATED_OBJC_IMPLEMENTATIONS = YES;
				CLANG_WARN_DIRECT_OBJC_ISA_USAGE = YES_ERROR;
				CLANG_WARN_DOCUMENTATION_COMMENTS = YES;
				CLANG_WARN_EMPTY_BODY = YES;
				CLANG_WARN_ENUM_CONVERSION = YES;
				CLANG_WARN_INFINITE_RECURSION = YES;
				CLANG_WARN_INT_CONVERSION = YES;
				CLANG_WARN_NON_LITERAL_NULL_CONVERSION = YES;
				CLANG_WARN_OBJC_IMPLICIT_RETAIN_SELF = YES;
				CLANG_WARN_OBJC_LITERAL_CONVERSION = YES;
				CLANG_WARN_OBJC_ROOT_CLASS = YES_ERROR;
				CLANG_WARN_QUOTED_INCLUDE_IN_FRAMEWORK_HEADER = YES;
				CLANG_WARN_RANGE_LOOP_ANALYSIS = YES;
				CLANG_WARN_STRICT_PROTOTYPES = YES;
				CLANG_WARN_SUSPICIOUS_MOVE = YES;
				CLANG_WARN_UNGUARDED_AVAILABILITY = YES_AGGRESSIVE;
				CLANG_WARN_UNREACHABLE_CODE = YES;
				CLANG_WARN__DUPLICATE_METHOD_MATCH = YES;
				COPY_PHASE_STRIP = NO;
				DEBUG_INFORMATION_FORMAT = "dwarf-with-dsym";
				ENABLE_NS_ASSERTIONS = NO;
				ENABLE_STRICT_OBJC_MSGSEND = YES;
				GCC_C_LANGUAGE_STANDARD = gnu11;
				GCC_NO_COMMON_BLOCKS = YES;
				GCC_WARN_64_TO_32_BIT_CONVERSION = YES;
				GCC_WARN_ABOUT_RETURN_TYPE = YES_ERROR;
				GCC_WARN_UNDECLARED_SELECTOR = YES;
				GCC_WARN_UNINITIALIZED_AUTOS = YES_AGGRESSIVE;
				GCC_WARN_UNUSED_FUNCTION = YES;
				GCC_WARN_UNUSED_VARIABLE = YES;
				IPHONEOS_DEPLOYMENT_TARGET = 16.2;
				MTL_ENABLE_DEBUG_INFO = NO;
				MTL_FAST_MATH = YES;
				SDKROOT = iphoneos;
				SWIFT_COMPILATION_MODE = wholemodule;
				SWIFT_OPTIMIZATION_LEVEL = "-O";
				VALIDATE_PRODUCT = YES;
			};
			name = Release;
		};
		D210B8732CEB7B9C0031C908 /* Debug */ = {
			isa = XCBuildConfiguration;
			buildSettings = {
				ASSETCATALOG_COMPILER_APPICON_NAME = AppIcon;
				ASSETCATALOG_COMPILER_GLOBAL_ACCENT_COLOR_NAME = AccentColor;
				CODE_SIGN_STYLE = Automatic;
				CURRENT_PROJECT_VERSION = 1;
				DEVELOPMENT_ASSET_PATHS = "\"SwiftUIAndCoordinator/Preview Content\"";
				DEVELOPMENT_TEAM = 6G8JULRZR4;
				ENABLE_PREVIEWS = YES;
				GENERATE_INFOPLIST_FILE = YES;
				INFOPLIST_KEY_UIApplicationSceneManifest_Generation = YES;
				INFOPLIST_KEY_UIApplicationSupportsIndirectInputEvents = YES;
				INFOPLIST_KEY_UILaunchScreen_Generation = YES;
				INFOPLIST_KEY_UISupportedInterfaceOrientations_iPad = "UIInterfaceOrientationPortrait UIInterfaceOrientationPortraitUpsideDown UIInterfaceOrientationLandscapeLeft UIInterfaceOrientationLandscapeRight";
				INFOPLIST_KEY_UISupportedInterfaceOrientations_iPhone = "UIInterfaceOrientationPortrait UIInterfaceOrientationLandscapeLeft UIInterfaceOrientationLandscapeRight";
				LD_RUNPATH_SEARCH_PATHS = (
					"$(inherited)",
					"@executable_path/Frameworks",
				);
				MARKETING_VERSION = 1.0;
				PRODUCT_BUNDLE_IDENTIFIER = br.com.aletlima.SwiftUIAndCoordinator;
				PRODUCT_NAME = "$(TARGET_NAME)";
				SWIFT_EMIT_LOC_STRINGS = YES;
				SWIFT_VERSION = 5.0;
				TARGETED_DEVICE_FAMILY = "1,2";
			};
			name = Debug;
		};
		D210B8742CEB7B9C0031C908 /* Release */ = {
			isa = XCBuildConfiguration;
			buildSettings = {
				ASSETCATALOG_COMPILER_APPICON_NAME = AppIcon;
				ASSETCATALOG_COMPILER_GLOBAL_ACCENT_COLOR_NAME = AccentColor;
				CODE_SIGN_STYLE = Automatic;
				CURRENT_PROJECT_VERSION = 1;
				DEVELOPMENT_ASSET_PATHS = "\"SwiftUIAndCoordinator/Preview Content\"";
				DEVELOPMENT_TEAM = 6G8JULRZR4;
				ENABLE_PREVIEWS = YES;
				GENERATE_INFOPLIST_FILE = YES;
				INFOPLIST_KEY_UIApplicationSceneManifest_Generation = YES;
				INFOPLIST_KEY_UIApplicationSupportsIndirectInputEvents = YES;
				INFOPLIST_KEY_UILaunchScreen_Generation = YES;
				INFOPLIST_KEY_UISupportedInterfaceOrientations_iPad = "UIInterfaceOrientationPortrait UIInterfaceOrientationPortraitUpsideDown UIInterfaceOrientationLandscapeLeft UIInterfaceOrientationLandscapeRight";
				INFOPLIST_KEY_UISupportedInterfaceOrientations_iPhone = "UIInterfaceOrientationPortrait UIInterfaceOrientationLandscapeLeft UIInterfaceOrientationLandscapeRight";
				LD_RUNPATH_SEARCH_PATHS = (
					"$(inherited)",
					"@executable_path/Frameworks",
				);
				MARKETING_VERSION = 1.0;
				PRODUCT_BUNDLE_IDENTIFIER = br.com.aletlima.SwiftUIAndCoordinator;
				PRODUCT_NAME = "$(TARGET_NAME)";
				SWIFT_EMIT_LOC_STRINGS = YES;
				SWIFT_VERSION = 5.0;
				TARGETED_DEVICE_FAMILY = "1,2";
			};
			name = Release;
		};
/* End XCBuildConfiguration section */

/* Begin XCConfigurationList section */
		D210B85F2CEB7B980031C908 /* Build configuration list for PBXProject "SwiftUIAndCoordinator" */ = {
			isa = XCConfigurationList;
			buildConfigurations = (
				D210B8702CEB7B9C0031C908 /* Debug */,
				D210B8712CEB7B9C0031C908 /* Release */,
			);
			defaultConfigurationIsVisible = 0;
			defaultConfigurationName = Release;
		};
		D210B8722CEB7B9C0031C908 /* Build configuration list for PBXNativeTarget "SwiftUIAndCoordinator" */ = {
			isa = XCConfigurationList;
			buildConfigurations = (
				D210B8732CEB7B9C0031C908 /* Debug */,
				D210B8742CEB7B9C0031C908 /* Release */,
			);
			defaultConfigurationIsVisible = 0;
			defaultConfigurationName = Release;
		};
/* End XCConfigurationList section */
	};
	rootObject = D210B85C2CEB7B980031C908 /* Project object */;
}
