// !$*UTF8*$!
{
	archiveVersion = 1;
	classes = {
	};
	objectVersion = 56;
	objects = {

/* Begin PBXBuildFile section */
		D2D96DD62C9B228600EA0E59 /* GesturesApp.swift in Sources */ = {isa = PBXBuildFile; fileRef = D2D96DD52C9B228600EA0E59 /* GesturesApp.swift */; };
		D2D96DD82C9B228600EA0E59 /* ContentView.swift in Sources */ = {isa = PBXBuildFile; fileRef = D2D96DD72C9B228600EA0E59 /* ContentView.swift */; };
		D2D96DDA2C9B228D00EA0E59 /* Assets.xcassets in Resources */ = {isa = PBXBuildFile; fileRef = D2D96DD92C9B228D00EA0E59 /* Assets.xcassets */; };
		D2D96DDD2C9B228D00EA0E59 /* Preview Assets.xcassets in Resources */ = {isa = PBXBuildFile; fileRef = D2D96DDC2C9B228D00EA0E59 /* Preview Assets.xcassets */; };
		D2D96DE72C9B228D00EA0E59 /* GesturesTests.swift in Sources */ = {isa = PBXBuildFile; fileRef = D2D96DE62C9B228D00EA0E59 /* GesturesTests.swift */; };
		D2D96DF12C9B228D00EA0E59 /* GesturesUITests.swift in Sources */ = {isa = PBXBuildFile; fileRef = D2D96DF02C9B228D00EA0E59 /* GesturesUITests.swift */; };
		D2D96DF32C9B228D00EA0E59 /* GesturesUITestsLaunchTests.swift in Sources */ = {isa = PBXBuildFile; fileRef = D2D96DF22C9B228D00EA0E59 /* GesturesUITestsLaunchTests.swift */; };
		D2D96E002C9B272F00EA0E59 /* Card.swift in Sources */ = {isa = PBXBuildFile; fileRef = D2D96DFF2C9B272F00EA0E59 /* Card.swift */; };
/* End PBXBuildFile section */

/* Begin PBXContainerItemProxy section */
		D2D96DE32C9B228D00EA0E59 /* PBXContainerItemProxy */ = {
			isa = PBXContainerItemProxy;
			containerPortal = D2D96DCA2C9B228600EA0E59 /* Project object */;
			proxyType = 1;
			remoteGlobalIDString = D2D96DD12C9B228600EA0E59;
			remoteInfo = Gestures;
		};
		D2D96DED2C9B228D00EA0E59 /* PBXContainerItemProxy */ = {
			isa = PBXContainerItemProxy;
			containerPortal = D2D96DCA2C9B228600EA0E59 /* Project object */;
			proxyType = 1;
			remoteGlobalIDString = D2D96DD12C9B228600EA0E59;
			remoteInfo = Gestures;
		};
/* End PBXContainerItemProxy section */

/* Begin PBXFileReference section */
		D2D96DD22C9B228600EA0E59 /* Gestures.app */ = {isa = PBXFileReference; explicitFileType = wrapper.application; includeInIndex = 0; path = Gestures.app; sourceTree = BUILT_PRODUCTS_DIR; };
		D2D96DD52C9B228600EA0E59 /* GesturesApp.swift */ = {isa = PBXFileReference; lastKnownFileType = sourcecode.swift; path = GesturesApp.swift; sourceTree = "<group>"; };
		D2D96DD72C9B228600EA0E59 /* ContentView.swift */ = {isa = PBXFileReference; lastKnownFileType = sourcecode.swift; path = ContentView.swift; sourceTree = "<group>"; };
		D2D96DD92C9B228D00EA0E59 /* Assets.xcassets */ = {isa = PBXFileReference; lastKnownFileType = folder.assetcatalog; path = Assets.xcassets; sourceTree = "<group>"; };
		D2D96DDC2C9B228D00EA0E59 /* Preview Assets.xcassets */ = {isa = PBXFileReference; lastKnownFileType = folder.assetcatalog; path = "Preview Assets.xcassets"; sourceTree = "<group>"; };
		D2D96DE22C9B228D00EA0E59 /* GesturesTests.xctest */ = {isa = PBXFileReference; explicitFileType = wrapper.cfbundle; includeInIndex = 0; path = GesturesTests.xctest; sourceTree = BUILT_PRODUCTS_DIR; };
		D2D96DE62C9B228D00EA0E59 /* GesturesTests.swift */ = {isa = PBXFileReference; lastKnownFileType = sourcecode.swift; path = GesturesTests.swift; sourceTree = "<group>"; };
		D2D96DEC2C9B228D00EA0E59 /* GesturesUITests.xctest */ = {isa = PBXFileReference; explicitFileType = wrapper.cfbundle; includeInIndex = 0; path = GesturesUITests.xctest; sourceTree = BUILT_PRODUCTS_DIR; };
		D2D96DF02C9B228D00EA0E59 /* GesturesUITests.swift */ = {isa = PBXFileReference; lastKnownFileType = sourcecode.swift; path = GesturesUITests.swift; sourceTree = "<group>"; };
		D2D96DF22C9B228D00EA0E59 /* GesturesUITestsLaunchTests.swift */ = {isa = PBXFileReference; lastKnownFileType = sourcecode.swift; path = GesturesUITestsLaunchTests.swift; sourceTree = "<group>"; };
		D2D96DFF2C9B272F00EA0E59 /* Card.swift */ = {isa = PBXFileReference; lastKnownFileType = sourcecode.swift; path = Card.swift; sourceTree = "<group>"; };
/* End PBXFileReference section */

/* Begin PBXFrameworksBuildPhase section */
		D2D96DCF2C9B228600EA0E59 /* Frameworks */ = {
			isa = PBXFrameworksBuildPhase;
			buildActionMask = 2147483647;
			files = (
			);
			runOnlyForDeploymentPostprocessing = 0;
		};
		D2D96DDF2C9B228D00EA0E59 /* Frameworks */ = {
			isa = PBXFrameworksBuildPhase;
			buildActionMask = 2147483647;
			files = (
			);
			runOnlyForDeploymentPostprocessing = 0;
		};
		D2D96DE92C9B228D00EA0E59 /* Frameworks */ = {
			isa = PBXFrameworksBuildPhase;
			buildActionMask = 2147483647;
			files = (
			);
			runOnlyForDeploymentPostprocessing = 0;
		};
/* End PBXFrameworksBuildPhase section */

/* Begin PBXGroup section */
		D2D96DC92C9B228600EA0E59 = {
			isa = PBXGroup;
			children = (
				D2D96DD42C9B228600EA0E59 /* Gestures */,
				D2D96DE52C9B228D00EA0E59 /* GesturesTests */,
				D2D96DEF2C9B228D00EA0E59 /* GesturesUITests */,
				D2D96DD32C9B228600EA0E59 /* Products */,
			);
			sourceTree = "<group>";
		};
		D2D96DD32C9B228600EA0E59 /* Products */ = {
			isa = PBXGroup;
			children = (
				D2D96DD22C9B228600EA0E59 /* Gestures.app */,
				D2D96DE22C9B228D00EA0E59 /* GesturesTests.xctest */,
				D2D96DEC2C9B228D00EA0E59 /* GesturesUITests.xctest */,
			);
			name = Products;
			sourceTree = "<group>";
		};
		D2D96DD42C9B228600EA0E59 /* Gestures */ = {
			isa = PBXGroup;
			children = (
				D2D96DD52C9B228600EA0E59 /* GesturesApp.swift */,
				D2D96DD72C9B228600EA0E59 /* ContentView.swift */,
				D2D96DD92C9B228D00EA0E59 /* Assets.xcassets */,
				D2D96DDB2C9B228D00EA0E59 /* Preview Content */,
				D2D96DFF2C9B272F00EA0E59 /* Card.swift */,
			);
			path = Gestures;
			sourceTree = "<group>";
		};
		D2D96DDB2C9B228D00EA0E59 /* Preview Content */ = {
			isa = PBXGroup;
			children = (
				D2D96DDC2C9B228D00EA0E59 /* Preview Assets.xcassets */,
			);
			path = "Preview Content";
			sourceTree = "<group>";
		};
		D2D96DE52C9B228D00EA0E59 /* GesturesTests */ = {
			isa = PBXGroup;
			children = (
				D2D96DE62C9B228D00EA0E59 /* GesturesTests.swift */,
			);
			path = GesturesTests;
			sourceTree = "<group>";
		};
		D2D96DEF2C9B228D00EA0E59 /* GesturesUITests */ = {
			isa = PBXGroup;
			children = (
				D2D96DF02C9B228D00EA0E59 /* GesturesUITests.swift */,
				D2D96DF22C9B228D00EA0E59 /* GesturesUITestsLaunchTests.swift */,
			);
			path = GesturesUITests;
			sourceTree = "<group>";
		};
/* End PBXGroup section */

/* Begin PBXNativeTarget section */
		D2D96DD12C9B228600EA0E59 /* Gestures */ = {
			isa = PBXNativeTarget;
			buildConfigurationList = D2D96DF62C9B228D00EA0E59 /* Build configuration list for PBXNativeTarget "Gestures" */;
			buildPhases = (
				D2D96DCE2C9B228600EA0E59 /* Sources */,
				D2D96DCF2C9B228600EA0E59 /* Frameworks */,
				D2D96DD02C9B228600EA0E59 /* Resources */,
			);
			buildRules = (
			);
			dependencies = (
			);
			name = Gestures;
			productName = Gestures;
			productReference = D2D96DD22C9B228600EA0E59 /* Gestures.app */;
			productType = "com.apple.product-type.application";
		};
		D2D96DE12C9B228D00EA0E59 /* GesturesTests */ = {
			isa = PBXNativeTarget;
			buildConfigurationList = D2D96DF92C9B228D00EA0E59 /* Build configuration list for PBXNativeTarget "GesturesTests" */;
			buildPhases = (
				D2D96DDE2C9B228D00EA0E59 /* Sources */,
				D2D96DDF2C9B228D00EA0E59 /* Frameworks */,
				D2D96DE02C9B228D00EA0E59 /* Resources */,
			);
			buildRules = (
			);
			dependencies = (
				D2D96DE42C9B228D00EA0E59 /* PBXTargetDependency */,
			);
			name = GesturesTests;
			productName = GesturesTests;
			productReference = D2D96DE22C9B228D00EA0E59 /* GesturesTests.xctest */;
			productType = "com.apple.product-type.bundle.unit-test";
		};
		D2D96DEB2C9B228D00EA0E59 /* GesturesUITests */ = {
			isa = PBXNativeTarget;
			buildConfigurationList = D2D96DFC2C9B228D00EA0E59 /* Build configuration list for PBXNativeTarget "GesturesUITests" */;
			buildPhases = (
				D2D96DE82C9B228D00EA0E59 /* Sources */,
				D2D96DE92C9B228D00EA0E59 /* Frameworks */,
				D2D96DEA2C9B228D00EA0E59 /* Resources */,
			);
			buildRules = (
			);
			dependencies = (
				D2D96DEE2C9B228D00EA0E59 /* PBXTargetDependency */,
			);
			name = GesturesUITests;
			productName = GesturesUITests;
			productReference = D2D96DEC2C9B228D00EA0E59 /* GesturesUITests.xctest */;
			productType = "com.apple.product-type.bundle.ui-testing";
		};
/* End PBXNativeTarget section */

/* Begin PBXProject section */
		D2D96DCA2C9B228600EA0E59 /* Project object */ = {
			isa = PBXProject;
			attributes = {
				BuildIndependentTargetsInParallel = 1;
				LastSwiftUpdateCheck = 1420;
				LastUpgradeCheck = 1420;
				TargetAttributes = {
					D2D96DD12C9B228600EA0E59 = {
						CreatedOnToolsVersion = 14.2;
					};
					D2D96DE12C9B228D00EA0E59 = {
						CreatedOnToolsVersion = 14.2;
						TestTargetID = D2D96DD12C9B228600EA0E59;
					};
					D2D96DEB2C9B228D00EA0E59 = {
						CreatedOnToolsVersion = 14.2;
						TestTargetID = D2D96DD12C9B228600EA0E59;
					};
				};
			};
			buildConfigurationList = D2D96DCD2C9B228600EA0E59 /* Build configuration list for PBXProject "Gestures" */;
			compatibilityVersion = "Xcode 14.0";
			developmentRegion = en;
			hasScannedForEncodings = 0;
			knownRegions = (
				en,
				Base,
			);
			mainGroup = D2D96DC92C9B228600EA0E59;
			productRefGroup = D2D96DD32C9B228600EA0E59 /* Products */;
			projectDirPath = "";
			projectRoot = "";
			targets = (
				D2D96DD12C9B228600EA0E59 /* Gestures */,
				D2D96DE12C9B228D00EA0E59 /* GesturesTests */,
				D2D96DEB2C9B228D00EA0E59 /* GesturesUITests */,
			);
		};
/* End PBXProject section */

/* Begin PBXResourcesBuildPhase section */
		D2D96DD02C9B228600EA0E59 /* Resources */ = {
			isa = PBXResourcesBuildPhase;
			buildActionMask = 2147483647;
			files = (
				D2D96DDD2C9B228D00EA0E59 /* Preview Assets.xcassets in Resources */,
				D2D96DDA2C9B228D00EA0E59 /* Assets.xcassets in Resources */,
			);
			runOnlyForDeploymentPostprocessing = 0;
		};
		D2D96DE02C9B228D00EA0E59 /* Resources */ = {
			isa = PBXResourcesBuildPhase;
			buildActionMask = 2147483647;
			files = (
			);
			runOnlyForDeploymentPostprocessing = 0;
		};
		D2D96DEA2C9B228D00EA0E59 /* Resources */ = {
			isa = PBXResourcesBuildPhase;
			buildActionMask = 2147483647;
			files = (
			);
			runOnlyForDeploymentPostprocessing = 0;
		};
/* End PBXResourcesBuildPhase section */

/* Begin PBXSourcesBuildPhase section */
		D2D96DCE2C9B228600EA0E59 /* Sources */ = {
			isa = PBXSourcesBuildPhase;
			buildActionMask = 2147483647;
			files = (
				D2D96DD82C9B228600EA0E59 /* ContentView.swift in Sources */,
				D2D96E002C9B272F00EA0E59 /* Card.swift in Sources */,
				D2D96DD62C9B228600EA0E59 /* GesturesApp.swift in Sources */,
			);
			runOnlyForDeploymentPostprocessing = 0;
		};
		D2D96DDE2C9B228D00EA0E59 /* Sources */ = {
			isa = PBXSourcesBuildPhase;
			buildActionMask = 2147483647;
			files = (
				D2D96DE72C9B228D00EA0E59 /* GesturesTests.swift in Sources */,
			);
			runOnlyForDeploymentPostprocessing = 0;
		};
		D2D96DE82C9B228D00EA0E59 /* Sources */ = {
			isa = PBXSourcesBuildPhase;
			buildActionMask = 2147483647;
			files = (
				D2D96DF32C9B228D00EA0E59 /* GesturesUITestsLaunchTests.swift in Sources */,
				D2D96DF12C9B228D00EA0E59 /* GesturesUITests.swift in Sources */,
			);
			runOnlyForDeploymentPostprocessing = 0;
		};
/* End PBXSourcesBuildPhase section */

/* Begin PBXTargetDependency section */
		D2D96DE42C9B228D00EA0E59 /* PBXTargetDependency */ = {
			isa = PBXTargetDependency;
			target = D2D96DD12C9B228600EA0E59 /* Gestures */;
			targetProxy = D2D96DE32C9B228D00EA0E59 /* PBXContainerItemProxy */;
		};
		D2D96DEE2C9B228D00EA0E59 /* PBXTargetDependency */ = {
			isa = PBXTargetDependency;
			target = D2D96DD12C9B228600EA0E59 /* Gestures */;
			targetProxy = D2D96DED2C9B228D00EA0E59 /* PBXContainerItemProxy */;
		};
/* End PBXTargetDependency section */

/* Begin XCBuildConfiguration section */
		D2D96DF42C9B228D00EA0E59 /* Debug */ = {
			isa = XCBuildConfiguration;
			buildSettings = {
				ALWAYS_SEARCH_USER_PATHS = NO;
				CLANG_ANALYZER_NONNULL = YES;
				CLANG_ANALYZER_NUMBER_OBJECT_CONVERSION = YES_AGGRESSIVE;
				CLANG_CXX_LANGUAGE_STANDARD = "gnu++20";
				CLANG_ENABLE_MODULES = YES;
				CLANG_ENABLE_OBJC_ARC = YES;
				CLANG_ENABLE_OBJC_WEAK = YES;
				CLANG_WARN_BLOCK_CAPTURE_AUTORELEASING = YES;
				CLANG_WARN_BOOL_CONVERSION = YES;
				CLANG_WARN_COMMA = YES;
				CLANG_WARN_CONSTANT_CONVERSION = YES;
				CLANG_WARN_DEPRECATED_OBJC_IMPLEMENTATIONS = YES;
				CLANG_WARN_DIRECT_OBJC_ISA_USAGE = YES_ERROR;
				CLANG_WARN_DOCUMENTATION_COMMENTS = YES;
				CLANG_WARN_EMPTY_BODY = YES;
				CLANG_WARN_ENUM_CONVERSION = YES;
				CLANG_WARN_INFINITE_RECURSION = YES;
				CLANG_WARN_INT_CONVERSION = YES;
				CLANG_WARN_NON_LITERAL_NULL_CONVERSION = YES;
				CLANG_WARN_OBJC_IMPLICIT_RETAIN_SELF = YES;
				CLANG_WARN_OBJC_LITERAL_CONVERSION = YES;
				CLANG_WARN_OBJC_ROOT_CLASS = YES_ERROR;
				CLANG_WARN_QUOTED_INCLUDE_IN_FRAMEWORK_HEADER = YES;
				CLANG_WARN_RANGE_LOOP_ANALYSIS = YES;
				CLANG_WARN_STRICT_PROTOTYPES = YES;
				CLANG_WARN_SUSPICIOUS_MOVE = YES;
				CLANG_WARN_UNGUARDED_AVAILABILITY = YES_AGGRESSIVE;
				CLANG_WARN_UNREACHABLE_CODE = YES;
				CLANG_WARN__DUPLICATE_METHOD_MATCH = YES;
				COPY_PHASE_STRIP = NO;
				DEBUG_INFORMATION_FORMAT = dwarf;
				ENABLE_STRICT_OBJC_MSGSEND = YES;
				ENABLE_TESTABILITY = YES;
				GCC_C_LANGUAGE_STANDARD = gnu11;
				GCC_DYNAMIC_NO_PIC = NO;
				GCC_NO_COMMON_BLOCKS = YES;
				GCC_OPTIMIZATION_LEVEL = 0;
				GCC_PREPROCESSOR_DEFINITIONS = (
					"DEBUG=1",
					"$(inherited)",
				);
				GCC_WARN_64_TO_32_BIT_CONVERSION = YES;
				GCC_WARN_ABOUT_RETURN_TYPE = YES_ERROR;
				GCC_WARN_UNDECLARED_SELECTOR = YES;
				GCC_WARN_UNINITIALIZED_AUTOS = YES_AGGRESSIVE;
				GCC_WARN_UNUSED_FUNCTION = YES;
				GCC_WARN_UNUSED_VARIABLE = YES;
				IPHONEOS_DEPLOYMENT_TARGET = 16.2;
				MTL_ENABLE_DEBUG_INFO = INCLUDE_SOURCE;
				MTL_FAST_MATH = YES;
				ONLY_ACTIVE_ARCH = YES;
				SDKROOT = iphoneos;
				SWIFT_ACTIVE_COMPILATION_CONDITIONS = DEBUG;
				SWIFT_OPTIMIZATION_LEVEL = "-Onone";
			};
			name = Debug;
		};
		D2D96DF52C9B228D00EA0E59 /* Release */ = {
			isa = XCBuildConfiguration;
			buildSettings = {
				ALWAYS_SEARCH_USER_PATHS = NO;
				CLANG_ANALYZER_NONNULL = YES;
				CLANG_ANALYZER_NUMBER_OBJECT_CONVERSION = YES_AGGRESSIVE;
				CLANG_CXX_LANGUAGE_STANDARD = "gnu++20";
				CLANG_ENABLE_MODULES = YES;
				CLANG_ENABLE_OBJC_ARC = YES;
				CLANG_ENABLE_OBJC_WEAK = YES;
				CLANG_WARN_BLOCK_CAPTURE_AUTORELEASING = YES;
				CLANG_WARN_BOOL_CONVERSION = YES;
				CLANG_WARN_COMMA = YES;
				CLANG_WARN_CONSTANT_CONVERSION = YES;
				CLANG_WARN_DEPRECATED_OBJC_IMPLEMENTATIONS = YES;
				CLANG_WARN_DIRECT_OBJC_ISA_USAGE = YES_ERROR;
				CLANG_WARN_DOCUMENTATION_COMMENTS = YES;
				CLANG_WARN_EMPTY_BODY = YES;
				CLANG_WARN_ENUM_CONVERSION = YES;
				CLANG_WARN_INFINITE_RECURSION = YES;
				CLANG_WARN_INT_CONVERSION = YES;
				CLANG_WARN_NON_LITERAL_NULL_CONVERSION = YES;
				CLANG_WARN_OBJC_IMPLICIT_RETAIN_SELF = YES;
				CLANG_WARN_OBJC_LITERAL_CONVERSION = YES;
				CLANG_WARN_OBJC_ROOT_CLASS = YES_ERROR;
				CLANG_WARN_QUOTED_INCLUDE_IN_FRAMEWORK_HEADER = YES;
				CLANG_WARN_RANGE_LOOP_ANALYSIS = YES;
				CLANG_WARN_STRICT_PROTOTYPES = YES;
				CLANG_WARN_SUSPICIOUS_MOVE = YES;
				CLANG_WARN_UNGUARDED_AVAILABILITY = YES_AGGRESSIVE;
				CLANG_WARN_UNREACHABLE_CODE = YES;
				CLANG_WARN__DUPLICATE_METHOD_MATCH = YES;
				COPY_PHASE_STRIP = NO;
				DEBUG_INFORMATION_FORMAT = "dwarf-with-dsym";
				ENABLE_NS_ASSERTIONS = NO;
				ENABLE_STRICT_OBJC_MSGSEND = YES;
				GCC_C_LANGUAGE_STANDARD = gnu11;
				GCC_NO_COMMON_BLOCKS = YES;
				GCC_WARN_64_TO_32_BIT_CONVERSION = YES;
				GCC_WARN_ABOUT_RETURN_TYPE = YES_ERROR;
				GCC_WARN_UNDECLARED_SELECTOR = YES;
				GCC_WARN_UNINITIALIZED_AUTOS = YES_AGGRESSIVE;
				GCC_WARN_UNUSED_FUNCTION = YES;
				GCC_WARN_UNUSED_VARIABLE = YES;
				IPHONEOS_DEPLOYMENT_TARGET = 16.2;
				MTL_ENABLE_DEBUG_INFO = NO;
				MTL_FAST_MATH = YES;
				SDKROOT = iphoneos;
				SWIFT_COMPILATION_MODE = wholemodule;
				SWIFT_OPTIMIZATION_LEVEL = "-O";
				VALIDATE_PRODUCT = YES;
			};
			name = Release;
		};
		D2D96DF72C9B228D00EA0E59 /* Debug */ = {
			isa = XCBuildConfiguration;
			buildSettings = {
				ASSETCATALOG_COMPILER_APPICON_NAME = AppIcon;
				ASSETCATALOG_COMPILER_GLOBAL_ACCENT_COLOR_NAME = AccentColor;
				CODE_SIGN_STYLE = Automatic;
				CURRENT_PROJECT_VERSION = 1;
				DEVELOPMENT_ASSET_PATHS = "\"Gestures/Preview Content\"";
				DEVELOPMENT_TEAM = 6G8JULRZR4;
				ENABLE_PREVIEWS = YES;
				GENERATE_INFOPLIST_FILE = YES;
				INFOPLIST_KEY_UIApplicationSceneManifest_Generation = YES;
				INFOPLIST_KEY_UIApplicationSupportsIndirectInputEvents = YES;
				INFOPLIST_KEY_UILaunchScreen_Generation = YES;
				INFOPLIST_KEY_UISupportedInterfaceOrientations_iPad = "UIInterfaceOrientationPortrait UIInterfaceOrientationPortraitUpsideDown UIInterfaceOrientationLandscapeLeft UIInterfaceOrientationLandscapeRight";
				INFOPLIST_KEY_UISupportedInterfaceOrientations_iPhone = "UIInterfaceOrientationPortrait UIInterfaceOrientationLandscapeLeft UIInterfaceOrientationLandscapeRight";
				LD_RUNPATH_SEARCH_PATHS = (
					"$(inherited)",
					"@executable_path/Frameworks",
				);
				MARKETING_VERSION = 1.0;
				PRODUCT_BUNDLE_IDENTIFIER = br.com.aletlima.Gestures;
				PRODUCT_NAME = "$(TARGET_NAME)";
				SWIFT_EMIT_LOC_STRINGS = YES;
				SWIFT_VERSION = 5.0;
				TARGETED_DEVICE_FAMILY = "1,2";
			};
			name = Debug;
		};
		D2D96DF82C9B228D00EA0E59 /* Release */ = {
			isa = XCBuildConfiguration;
			buildSettings = {
				ASSETCATALOG_COMPILER_APPICON_NAME = AppIcon;
				ASSETCATALOG_COMPILER_GLOBAL_ACCENT_COLOR_NAME = AccentColor;
				CODE_SIGN_STYLE = Automatic;
				CURRENT_PROJECT_VERSION = 1;
				DEVELOPMENT_ASSET_PATHS = "\"Gestures/Preview Content\"";
				DEVELOPMENT_TEAM = 6G8JULRZR4;
				ENABLE_PREVIEWS = YES;
				GENERATE_INFOPLIST_FILE = YES;
				INFOPLIST_KEY_UIApplicationSceneManifest_Generation = YES;
				INFOPLIST_KEY_UIApplicationSupportsIndirectInputEvents = YES;
				INFOPLIST_KEY_UILaunchScreen_Generation = YES;
				INFOPLIST_KEY_UISupportedInterfaceOrientations_iPad = "UIInterfaceOrientationPortrait UIInterfaceOrientationPortraitUpsideDown UIInterfaceOrientationLandscapeLeft UIInterfaceOrientationLandscapeRight";
				INFOPLIST_KEY_UISupportedInterfaceOrientations_iPhone = "UIInterfaceOrientationPortrait UIInterfaceOrientationLandscapeLeft UIInterfaceOrientationLandscapeRight";
				LD_RUNPATH_SEARCH_PATHS = (
					"$(inherited)",
					"@executable_path/Frameworks",
				);
				MARKETING_VERSION = 1.0;
				PRODUCT_BUNDLE_IDENTIFIER = br.com.aletlima.Gestures;
				PRODUCT_NAME = "$(TARGET_NAME)";
				SWIFT_EMIT_LOC_STRINGS = YES;
				SWIFT_VERSION = 5.0;
				TARGETED_DEVICE_FAMILY = "1,2";
			};
			name = Release;
		};
		D2D96DFA2C9B228D00EA0E59 /* Debug */ = {
			isa = XCBuildConfiguration;
			buildSettings = {
				ALWAYS_EMBED_SWIFT_STANDARD_LIBRARIES = YES;
				BUNDLE_LOADER = "$(TEST_HOST)";
				CODE_SIGN_STYLE = Automatic;
				CURRENT_PROJECT_VERSION = 1;
				DEVELOPMENT_TEAM = 6G8JULRZR4;
				GENERATE_INFOPLIST_FILE = YES;
				IPHONEOS_DEPLOYMENT_TARGET = 16.2;
				MARKETING_VERSION = 1.0;
				PRODUCT_BUNDLE_IDENTIFIER = br.com.aletlima.GesturesTests;
				PRODUCT_NAME = "$(TARGET_NAME)";
				SWIFT_EMIT_LOC_STRINGS = NO;
				SWIFT_VERSION = 5.0;
				TARGETED_DEVICE_FAMILY = "1,2";
				TEST_HOST = "$(BUILT_PRODUCTS_DIR)/Gestures.app/$(BUNDLE_EXECUTABLE_FOLDER_PATH)/Gestures";
			};
			name = Debug;
		};
		D2D96DFB2C9B228D00EA0E59 /* Release */ = {
			isa = XCBuildConfiguration;
			buildSettings = {
				ALWAYS_EMBED_SWIFT_STANDARD_LIBRARIES = YES;
				BUNDLE_LOADER = "$(TEST_HOST)";
				CODE_SIGN_STYLE = Automatic;
				CURRENT_PROJECT_VERSION = 1;
				DEVELOPMENT_TEAM = 6G8JULRZR4;
				GENERATE_INFOPLIST_FILE = YES;
				IPHONEOS_DEPLOYMENT_TARGET = 16.2;
				MARKETING_VERSION = 1.0;
				PRODUCT_BUNDLE_IDENTIFIER = br.com.aletlima.GesturesTests;
				PRODUCT_NAME = "$(TARGET_NAME)";
				SWIFT_EMIT_LOC_STRINGS = NO;
				SWIFT_VERSION = 5.0;
				TARGETED_DEVICE_FAMILY = "1,2";
				TEST_HOST = "$(BUILT_PRODUCTS_DIR)/Gestures.app/$(BUNDLE_EXECUTABLE_FOLDER_PATH)/Gestures";
			};
			name = Release;
		};
		D2D96DFD2C9B228D00EA0E59 /* Debug */ = {
			isa = XCBuildConfiguration;
			buildSettings = {
				ALWAYS_EMBED_SWIFT_STANDARD_LIBRARIES = YES;
				CODE_SIGN_STYLE = Automatic;
				CURRENT_PROJECT_VERSION = 1;
				DEVELOPMENT_TEAM = 6G8JULRZR4;
				GENERATE_INFOPLIST_FILE = YES;
				MARKETING_VERSION = 1.0;
				PRODUCT_BUNDLE_IDENTIFIER = br.com.aletlima.GesturesUITests;
				PRODUCT_NAME = "$(TARGET_NAME)";
				SWIFT_EMIT_LOC_STRINGS = NO;
				SWIFT_VERSION = 5.0;
				TARGETED_DEVICE_FAMILY = "1,2";
				TEST_TARGET_NAME = Gestures;
			};
			name = Debug;
		};
		D2D96DFE2C9B228D00EA0E59 /* Release */ = {
			isa = XCBuildConfiguration;
			buildSettings = {
				ALWAYS_EMBED_SWIFT_STANDARD_LIBRARIES = YES;
				CODE_SIGN_STYLE = Automatic;
				CURRENT_PROJECT_VERSION = 1;
				DEVELOPMENT_TEAM = 6G8JULRZR4;
				GENERATE_INFOPLIST_FILE = YES;
				MARKETING_VERSION = 1.0;
				PRODUCT_BUNDLE_IDENTIFIER = br.com.aletlima.GesturesUITests;
				PRODUCT_NAME = "$(TARGET_NAME)";
				SWIFT_EMIT_LOC_STRINGS = NO;
				SWIFT_VERSION = 5.0;
				TARGETED_DEVICE_FAMILY = "1,2";
				TEST_TARGET_NAME = Gestures;
			};
			name = Release;
		};
/* End XCBuildConfiguration section */

/* Begin XCConfigurationList section */
		D2D96DCD2C9B228600EA0E59 /* Build configuration list for PBXProject "Gestures" */ = {
			isa = XCConfigurationList;
			buildConfigurations = (
				D2D96DF42C9B228D00EA0E59 /* Debug */,
				D2D96DF52C9B228D00EA0E59 /* Release */,
			);
			defaultConfigurationIsVisible = 0;
			defaultConfigurationName = Release;
		};
		D2D96DF62C9B228D00EA0E59 /* Build configuration list for PBXNativeTarget "Gestures" */ = {
			isa = XCConfigurationList;
			buildConfigurations = (
				D2D96DF72C9B228D00EA0E59 /* Debug */,
				D2D96DF82C9B228D00EA0E59 /* Release */,
			);
			defaultConfigurationIsVisible = 0;
			defaultConfigurationName = Release;
		};
		D2D96DF92C9B228D00EA0E59 /* Build configuration list for PBXNativeTarget "GesturesTests" */ = {
			isa = XCConfigurationList;
			buildConfigurations = (
				D2D96DFA2C9B228D00EA0E59 /* Debug */,
				D2D96DFB2C9B228D00EA0E59 /* Release */,
			);
			defaultConfigurationIsVisible = 0;
			defaultConfigurationName = Release;
		};
		D2D96DFC2C9B228D00EA0E59 /* Build configuration list for PBXNativeTarget "GesturesUITests" */ = {
			isa = XCConfigurationList;
			buildConfigurations = (
				D2D96DFD2C9B228D00EA0E59 /* Debug */,
				D2D96DFE2C9B228D00EA0E59 /* Release */,
			);
			defaultConfigurationIsVisible = 0;
			defaultConfigurationName = Release;
		};
/* End XCConfigurationList section */
	};
	rootObject = D2D96DCA2C9B228600EA0E59 /* Project object */;
}
